// !$*UTF8*$!
{
	archiveVersion = 1;
	classes = {
	};
	objectVersion = 56;
	objects = {

/* Begin PBXBuildFile section */
		8E304FAB2ABCD90200BE0055 /* ViewControllerEv1Act1.swift in Sources */ = {isa = PBXBuildFile; fileRef = 8E304FAA2ABCD90200BE0055 /* ViewControllerEv1Act1.swift */; };
		8E304FAD2ABCD9F900BE0055 /* ViewControllerEvAct1.swift in Sources */ = {isa = PBXBuildFile; fileRef = 8E304FAC2ABCD9F900BE0055 /* ViewControllerEvAct1.swift */; };
		8E3B92002AD77CDF0047177F /* SEL4CTests_pruebasunitarias.swift in Sources */ = {isa = PBXBuildFile; fileRef = 8E3B91FF2AD77CDF0047177F /* SEL4CTests_pruebasunitarias.swift */; };
		8E3B92062AD77CE60047177F /* pruebasunitarias_RF0017.swift in Sources */ = {isa = PBXBuildFile; fileRef = 8EBFC3302AD53D39008DC11C /* pruebasunitarias_RF0017.swift */; };
		8E3B92072AD77CE60047177F /* pruebasunitarias_RF018.swift in Sources */ = {isa = PBXBuildFile; fileRef = 8ED0D3442ACF51C300BC972B /* pruebasunitarias_RF018.swift */; };
		8E3B92082AD77CE60047177F /* pruebasunitarias_RF015.swift in Sources */ = {isa = PBXBuildFile; fileRef = 8ED0D32A2ACF128700BC972B /* pruebasunitarias_RF015.swift */; };
		8E3B92092AD77CE60047177F /* pruebasUnitarias_RF12.swift in Sources */ = {isa = PBXBuildFile; fileRef = F33D46582AD7453C005E577B /* pruebasUnitarias_RF12.swift */; };
		8E3B920A2AD77CE60047177F /* pruebasunitarias_RF11.swift in Sources */ = {isa = PBXBuildFile; fileRef = F3D647F72AD60C4900324AA9 /* pruebasunitarias_RF11.swift */; };
		8E3B920B2AD77CE60047177F /* pruebasunitarias_RF021.swift in Sources */ = {isa = PBXBuildFile; fileRef = 8ED0D3512ACF541B00BC972B /* pruebasunitarias_RF021.swift */; };
		8E3B920C2AD77CE60047177F /* pruebasUnitarias_RF13.swift in Sources */ = {isa = PBXBuildFile; fileRef = F33D46652AD74B00005E577B /* pruebasUnitarias_RF13.swift */; };
		8E3B920D2AD77CE60047177F /* pruebasUnitarias_RF10.swift in Sources */ = {isa = PBXBuildFile; fileRef = F3D648042AD6316E00324AA9 /* pruebasUnitarias_RF10.swift */; };
		8E471C352ABF8EB900A6946D /* ViewControllerModulosIndividual.swift in Sources */ = {isa = PBXBuildFile; fileRef = 8E471C342ABF8EB900A6946D /* ViewControllerModulosIndividual.swift */; };
		8E471C372AC0B42D00A6946D /* ViewControllerEvidencias.swift in Sources */ = {isa = PBXBuildFile; fileRef = 8E471C362AC0B42D00A6946D /* ViewControllerEvidencias.swift */; };
		8E471C392AC0B9FB00A6946D /* ViewControllerEvidenciasIndividual.swift in Sources */ = {isa = PBXBuildFile; fileRef = 8E471C382AC0B9FB00A6946D /* ViewControllerEvidenciasIndividual.swift */; };
		8E655B522ABE77C300CF8E66 /* ViewControllerTableroActividades.swift in Sources */ = {isa = PBXBuildFile; fileRef = 8E655B512ABE77C300CF8E66 /* ViewControllerTableroActividades.swift */; };
		8E655B562ABF73EE00CF8E66 /* ViewControllerModulos.swift in Sources */ = {isa = PBXBuildFile; fileRef = 8E655B552ABF73EE00CF8E66 /* ViewControllerModulos.swift */; };
		8EB0B7CB2AA557B9002E0849 /* ViewControllerTableroInicial.swift in Sources */ = {isa = PBXBuildFile; fileRef = 8EB0B7CA2AA557B9002E0849 /* ViewControllerTableroInicial.swift */; };
		8ED0D2EC2ACBEE0200BC972B /* SendVideo.swift in Sources */ = {isa = PBXBuildFile; fileRef = 8ED0D2EB2ACBEE0200BC972B /* SendVideo.swift */; };
		8ED0D2EE2ACBF1FB00BC972B /* SendAudio.swift in Sources */ = {isa = PBXBuildFile; fileRef = 8ED0D2ED2ACBF1FB00BC972B /* SendAudio.swift */; };
		8ED0D2F02ACD37FC00BC972B /* ResultadoEvaluaciones.swift in Sources */ = {isa = PBXBuildFile; fileRef = 8ED0D2EF2ACD37FC00BC972B /* ResultadoEvaluaciones.swift */; };
		8ED0D3232ACE9D8F00BC972B /* Estadisticas.swift in Sources */ = {isa = PBXBuildFile; fileRef = 8ED0D3222ACE9D8F00BC972B /* Estadisticas.swift */; };
		8ED0D3802AD0A30900BC972B /* ProgresoActividades.swift in Sources */ = {isa = PBXBuildFile; fileRef = 8ED0D37F2AD0A30900BC972B /* ProgresoActividades.swift */; };
		8ED0D3822AD0DAFE00BC972B /* ProgresoUsuarios.swift in Sources */ = {isa = PBXBuildFile; fileRef = 8ED0D3812AD0DAFE00BC972B /* ProgresoUsuarios.swift */; };
		8EE69E5C2ABAC72D007436B5 /* ViewControllerTableroPrincipal.swift in Sources */ = {isa = PBXBuildFile; fileRef = 8EE69E5B2ABAC72D007436B5 /* ViewControllerTableroPrincipal.swift */; };
		8EE69E5E2ABAC737007436B5 /* ViewControllerEvaluaciones.swift in Sources */ = {isa = PBXBuildFile; fileRef = 8EE69E5D2ABAC737007436B5 /* ViewControllerEvaluaciones.swift */; };
		8EEE1C3A2AC5144500F15234 /* ViewControllerEvInicialResultados.swift in Sources */ = {isa = PBXBuildFile; fileRef = 8EEE1C392AC5144500F15234 /* ViewControllerEvInicialResultados.swift */; };
		8EEE1C3C2AC53E9200F15234 /* ViewControllerEvFinal.swift in Sources */ = {isa = PBXBuildFile; fileRef = 8EEE1C3B2AC53E9200F15234 /* ViewControllerEvFinal.swift */; };
		8EEE1C3F2AC93D9000F15234 /* Actividades.swift in Sources */ = {isa = PBXBuildFile; fileRef = 8EEE1C3E2AC93D9000F15234 /* Actividades.swift */; };
		8EEE1C412ACA599D00F15234 /* Modulos.swift in Sources */ = {isa = PBXBuildFile; fileRef = 8EEE1C402ACA599D00F15234 /* Modulos.swift */; };
		8EEE1C432ACA881C00F15234 /* SendImage.swift in Sources */ = {isa = PBXBuildFile; fileRef = 8EEE1C422ACA881C00F15234 /* SendImage.swift */; };
		8EEE1C452ACA883B00F15234 /* Data.swift in Sources */ = {isa = PBXBuildFile; fileRef = 8EEE1C442ACA883B00F15234 /* Data.swift */; };
		8EEFEFFB2AA3D24700809FEE /* AppDelegate.swift in Sources */ = {isa = PBXBuildFile; fileRef = 8EEFEFFA2AA3D24700809FEE /* AppDelegate.swift */; };
		8EEFEFFD2AA3D24700809FEE /* SceneDelegate.swift in Sources */ = {isa = PBXBuildFile; fileRef = 8EEFEFFC2AA3D24700809FEE /* SceneDelegate.swift */; };
		8EEFEFFF2AA3D24700809FEE /* ViewController.swift in Sources */ = {isa = PBXBuildFile; fileRef = 8EEFEFFE2AA3D24700809FEE /* ViewController.swift */; };
		8EEFF0042AA3D24900809FEE /* Assets.xcassets in Resources */ = {isa = PBXBuildFile; fileRef = 8EEFF0032AA3D24900809FEE /* Assets.xcassets */; };
		8EEFF0072AA3D24900809FEE /* LaunchScreen.storyboard in Resources */ = {isa = PBXBuildFile; fileRef = 8EEFF0052AA3D24900809FEE /* LaunchScreen.storyboard */; };
		8EFD190A2AC244D700241122 /* ViewControllerProgresoIndividual.swift in Sources */ = {isa = PBXBuildFile; fileRef = 8EFD19092AC244D600241122 /* ViewControllerProgresoIndividual.swift */; };
		F34360312AA9459200487D75 /* BeginViewController.swift in Sources */ = {isa = PBXBuildFile; fileRef = F34360302AA9459200487D75 /* BeginViewController.swift */; };
		F34360402AA9501600487D75 /* Poppins-Medium.ttf in Resources */ = {isa = PBXBuildFile; fileRef = F343603D2AA9501500487D75 /* Poppins-Medium.ttf */; };
		F34360412AA9501600487D75 /* Poppins-Regular.ttf in Resources */ = {isa = PBXBuildFile; fileRef = F343603E2AA9501500487D75 /* Poppins-Regular.ttf */; };
		F34360432AA950E100487D75 /* Poppins-SemiBold.ttf in Resources */ = {isa = PBXBuildFile; fileRef = F34360422AA950E100487D75 /* Poppins-SemiBold.ttf */; };
		F34360452AB90AFC00487D75 /* Poppins-ExtraBold.ttf in Resources */ = {isa = PBXBuildFile; fileRef = F34360442AB90AFC00487D75 /* Poppins-ExtraBold.ttf */; };
		F34360472AB935E600487D75 /* LoginViewController.swift in Sources */ = {isa = PBXBuildFile; fileRef = F34360462AB935E600487D75 /* LoginViewController.swift */; };
		F34360492AB93D1B00487D75 /* Poppins-Bold.ttf in Resources */ = {isa = PBXBuildFile; fileRef = F34360482AB93D1B00487D75 /* Poppins-Bold.ttf */; };
		F343604D2ABA5E1600487D75 /* RegisterInputViewController.swift in Sources */ = {isa = PBXBuildFile; fileRef = F343604C2ABA5E1600487D75 /* RegisterInputViewController.swift */; };
		F34B05352AC4ED9B001E741B /* WebViewerViewController.swift in Sources */ = {isa = PBXBuildFile; fileRef = F34B05342AC4ED9B001E741B /* WebViewerViewController.swift */; };
		F356D80A2ADE034C003665D6 /* Main.storyboard in Resources */ = {isa = PBXBuildFile; fileRef = F356D80C2ADE034C003665D6 /* Main.storyboard */; };
		F3D78A472ACB92AF007E535F /* LoginController.swift in Sources */ = {isa = PBXBuildFile; fileRef = F3D78A462ACB92AF007E535F /* LoginController.swift */; };
		F3D78A492ACBA057007E535F /* Users.swift in Sources */ = {isa = PBXBuildFile; fileRef = F3D78A482ACBA057007E535F /* Users.swift */; };
		F3D78A4B2ACBA1CB007E535F /* UserLogin.swift in Sources */ = {isa = PBXBuildFile; fileRef = F3D78A4A2ACBA1CB007E535F /* UserLogin.swift */; };
		F3D78A4D2ACBAEDE007E535F /* InitialEvaluationViewController.swift in Sources */ = {isa = PBXBuildFile; fileRef = F3D78A4C2ACBAEDE007E535F /* InitialEvaluationViewController.swift */; };
		F3D78A4F2ACCC514007E535F /* SignupController.swift in Sources */ = {isa = PBXBuildFile; fileRef = F3D78A4E2ACCC514007E535F /* SignupController.swift */; };
		F3D78A512ACE40B0007E535F /* ProfileViewController.swift in Sources */ = {isa = PBXBuildFile; fileRef = F3D78A502ACE40B0007E535F /* ProfileViewController.swift */; };
		F3D78A532ACE5930007E535F /* CustomButton.swift in Sources */ = {isa = PBXBuildFile; fileRef = F3D78A522ACE5930007E535F /* CustomButton.swift */; };
		F3D78A7F2AD0A3BA007E535F /* GradeActions.swift in Sources */ = {isa = PBXBuildFile; fileRef = F3D78A7E2AD0A3BA007E535F /* GradeActions.swift */; };
		F3D78A812AD0A6D7007E535F /* GenderActions.swift in Sources */ = {isa = PBXBuildFile; fileRef = F3D78A802AD0A6D7007E535F /* GenderActions.swift */; };
		F3D78A832AD0A6EC007E535F /* DisciplineActions.swift in Sources */ = {isa = PBXBuildFile; fileRef = F3D78A822AD0A6EC007E535F /* DisciplineActions.swift */; };
		F3D78A852AD0A91D007E535F /* CountryActions.swift in Sources */ = {isa = PBXBuildFile; fileRef = F3D78A842AD0A91D007E535F /* CountryActions.swift */; };
		F3D78A882AD0F360007E535F /* EcomplexityEngine.swift in Sources */ = {isa = PBXBuildFile; fileRef = F3D78A872AD0F360007E535F /* EcomplexityEngine.swift */; };
		F3D78A8A2AD0F389007E535F /* Question.swift in Sources */ = {isa = PBXBuildFile; fileRef = F3D78A892AD0F389007E535F /* Question.swift */; };
		F3D78A8C2AD27F7F007E535F /* FinalEvaluationViewController.swift in Sources */ = {isa = PBXBuildFile; fileRef = F3D78A8B2AD27F7F007E535F /* FinalEvaluationViewController.swift */; };
		F3E0A7942ABCF2DE004DB845 /* RegisterInput2ViewController.swift in Sources */ = {isa = PBXBuildFile; fileRef = F3E0A7932ABCF2DE004DB845 /* RegisterInput2ViewController.swift */; };
/* End PBXBuildFile section */

/* Begin PBXContainerItemProxy section */
		8E3B92012AD77CDF0047177F /* PBXContainerItemProxy */ = {
			isa = PBXContainerItemProxy;
			containerPortal = 8EEFEFEF2AA3D24700809FEE /* Project object */;
			proxyType = 1;
			remoteGlobalIDString = 8EEFEFF62AA3D24700809FEE;
			remoteInfo = SEL4C;
		};
/* End PBXContainerItemProxy section */

/* Begin PBXFileReference section */
		8E304FAA2ABCD90200BE0055 /* ViewControllerEv1Act1.swift */ = {isa = PBXFileReference; lastKnownFileType = sourcecode.swift; path = ViewControllerEv1Act1.swift; sourceTree = "<group>"; };
		8E304FAC2ABCD9F900BE0055 /* ViewControllerEvAct1.swift */ = {isa = PBXFileReference; lastKnownFileType = sourcecode.swift; path = ViewControllerEvAct1.swift; sourceTree = "<group>"; };
		8E3B91FD2AD77CDF0047177F /* SEL4CTests_pruebasunitarias.xctest */ = {isa = PBXFileReference; explicitFileType = wrapper.cfbundle; includeInIndex = 0; path = SEL4CTests_pruebasunitarias.xctest; sourceTree = BUILT_PRODUCTS_DIR; };
		8E3B91FF2AD77CDF0047177F /* SEL4CTests_pruebasunitarias.swift */ = {isa = PBXFileReference; lastKnownFileType = sourcecode.swift; path = SEL4CTests_pruebasunitarias.swift; sourceTree = "<group>"; };
		8E471C342ABF8EB900A6946D /* ViewControllerModulosIndividual.swift */ = {isa = PBXFileReference; lastKnownFileType = sourcecode.swift; path = ViewControllerModulosIndividual.swift; sourceTree = "<group>"; };
		8E471C362AC0B42D00A6946D /* ViewControllerEvidencias.swift */ = {isa = PBXFileReference; lastKnownFileType = sourcecode.swift; path = ViewControllerEvidencias.swift; sourceTree = "<group>"; };
		8E471C382AC0B9FB00A6946D /* ViewControllerEvidenciasIndividual.swift */ = {isa = PBXFileReference; lastKnownFileType = sourcecode.swift; path = ViewControllerEvidenciasIndividual.swift; sourceTree = "<group>"; };
		8E655B512ABE77C300CF8E66 /* ViewControllerTableroActividades.swift */ = {isa = PBXFileReference; lastKnownFileType = sourcecode.swift; path = ViewControllerTableroActividades.swift; sourceTree = "<group>"; };
		8E655B552ABF73EE00CF8E66 /* ViewControllerModulos.swift */ = {isa = PBXFileReference; lastKnownFileType = sourcecode.swift; path = ViewControllerModulos.swift; sourceTree = "<group>"; };
		8EB0B7CA2AA557B9002E0849 /* ViewControllerTableroInicial.swift */ = {isa = PBXFileReference; lastKnownFileType = sourcecode.swift; path = ViewControllerTableroInicial.swift; sourceTree = "<group>"; };
		8EBFC3302AD53D39008DC11C /* pruebasunitarias_RF0017.swift */ = {isa = PBXFileReference; lastKnownFileType = sourcecode.swift; path = pruebasunitarias_RF0017.swift; sourceTree = "<group>"; };
		8ED0D2EB2ACBEE0200BC972B /* SendVideo.swift */ = {isa = PBXFileReference; lastKnownFileType = sourcecode.swift; path = SendVideo.swift; sourceTree = "<group>"; };
		8ED0D2ED2ACBF1FB00BC972B /* SendAudio.swift */ = {isa = PBXFileReference; lastKnownFileType = sourcecode.swift; path = SendAudio.swift; sourceTree = "<group>"; };
		8ED0D2EF2ACD37FC00BC972B /* ResultadoEvaluaciones.swift */ = {isa = PBXFileReference; lastKnownFileType = sourcecode.swift; path = ResultadoEvaluaciones.swift; sourceTree = "<group>"; };
		8ED0D3222ACE9D8F00BC972B /* Estadisticas.swift */ = {isa = PBXFileReference; lastKnownFileType = sourcecode.swift; path = Estadisticas.swift; sourceTree = "<group>"; };
		8ED0D32A2ACF128700BC972B /* pruebasunitarias_RF015.swift */ = {isa = PBXFileReference; lastKnownFileType = sourcecode.swift; path = pruebasunitarias_RF015.swift; sourceTree = "<group>"; };
		8ED0D3442ACF51C300BC972B /* pruebasunitarias_RF018.swift */ = {isa = PBXFileReference; lastKnownFileType = sourcecode.swift; path = pruebasunitarias_RF018.swift; sourceTree = "<group>"; };
		8ED0D3512ACF541B00BC972B /* pruebasunitarias_RF021.swift */ = {isa = PBXFileReference; lastKnownFileType = sourcecode.swift; path = pruebasunitarias_RF021.swift; sourceTree = "<group>"; };
		8ED0D37F2AD0A30900BC972B /* ProgresoActividades.swift */ = {isa = PBXFileReference; lastKnownFileType = sourcecode.swift; path = ProgresoActividades.swift; sourceTree = "<group>"; };
		8ED0D3812AD0DAFE00BC972B /* ProgresoUsuarios.swift */ = {isa = PBXFileReference; lastKnownFileType = sourcecode.swift; path = ProgresoUsuarios.swift; sourceTree = "<group>"; };
		8EE69E5B2ABAC72D007436B5 /* ViewControllerTableroPrincipal.swift */ = {isa = PBXFileReference; fileEncoding = 4; lastKnownFileType = sourcecode.swift; path = ViewControllerTableroPrincipal.swift; sourceTree = "<group>"; };
		8EE69E5D2ABAC737007436B5 /* ViewControllerEvaluaciones.swift */ = {isa = PBXFileReference; fileEncoding = 4; lastKnownFileType = sourcecode.swift; path = ViewControllerEvaluaciones.swift; sourceTree = "<group>"; };
		8EEE1C392AC5144500F15234 /* ViewControllerEvInicialResultados.swift */ = {isa = PBXFileReference; lastKnownFileType = sourcecode.swift; path = ViewControllerEvInicialResultados.swift; sourceTree = "<group>"; };
		8EEE1C3B2AC53E9200F15234 /* ViewControllerEvFinal.swift */ = {isa = PBXFileReference; lastKnownFileType = sourcecode.swift; path = ViewControllerEvFinal.swift; sourceTree = "<group>"; };
		8EEE1C3E2AC93D9000F15234 /* Actividades.swift */ = {isa = PBXFileReference; lastKnownFileType = sourcecode.swift; path = Actividades.swift; sourceTree = "<group>"; };
		8EEE1C402ACA599D00F15234 /* Modulos.swift */ = {isa = PBXFileReference; lastKnownFileType = sourcecode.swift; path = Modulos.swift; sourceTree = "<group>"; };
		8EEE1C422ACA881C00F15234 /* SendImage.swift */ = {isa = PBXFileReference; lastKnownFileType = sourcecode.swift; path = SendImage.swift; sourceTree = "<group>"; };
		8EEE1C442ACA883B00F15234 /* Data.swift */ = {isa = PBXFileReference; lastKnownFileType = sourcecode.swift; path = Data.swift; sourceTree = "<group>"; };
		8EEFEFF72AA3D24700809FEE /* SEL4C.app */ = {isa = PBXFileReference; explicitFileType = wrapper.application; includeInIndex = 0; path = SEL4C.app; sourceTree = BUILT_PRODUCTS_DIR; };
		8EEFEFFA2AA3D24700809FEE /* AppDelegate.swift */ = {isa = PBXFileReference; lastKnownFileType = sourcecode.swift; path = AppDelegate.swift; sourceTree = "<group>"; };
		8EEFEFFC2AA3D24700809FEE /* SceneDelegate.swift */ = {isa = PBXFileReference; lastKnownFileType = sourcecode.swift; path = SceneDelegate.swift; sourceTree = "<group>"; };
		8EEFEFFE2AA3D24700809FEE /* ViewController.swift */ = {isa = PBXFileReference; lastKnownFileType = sourcecode.swift; path = ViewController.swift; sourceTree = "<group>"; };
		8EEFF0032AA3D24900809FEE /* Assets.xcassets */ = {isa = PBXFileReference; lastKnownFileType = folder.assetcatalog; path = Assets.xcassets; sourceTree = "<group>"; };
		8EEFF0062AA3D24900809FEE /* Base */ = {isa = PBXFileReference; lastKnownFileType = file.storyboard; name = Base; path = Base.lproj/LaunchScreen.storyboard; sourceTree = "<group>"; };
		8EEFF0082AA3D24900809FEE /* Info.plist */ = {isa = PBXFileReference; lastKnownFileType = text.plist.xml; path = Info.plist; sourceTree = "<group>"; };
		8EFD19092AC244D600241122 /* ViewControllerProgresoIndividual.swift */ = {isa = PBXFileReference; lastKnownFileType = sourcecode.swift; path = ViewControllerProgresoIndividual.swift; sourceTree = "<group>"; };
		F33D46582AD7453C005E577B /* pruebasUnitarias_RF12.swift */ = {isa = PBXFileReference; lastKnownFileType = sourcecode.swift; path = pruebasUnitarias_RF12.swift; sourceTree = "<group>"; };
		F33D46652AD74B00005E577B /* pruebasUnitarias_RF13.swift */ = {isa = PBXFileReference; lastKnownFileType = sourcecode.swift; path = pruebasUnitarias_RF13.swift; sourceTree = "<group>"; };
		F34360302AA9459200487D75 /* BeginViewController.swift */ = {isa = PBXFileReference; lastKnownFileType = sourcecode.swift; path = BeginViewController.swift; sourceTree = "<group>"; };
		F343603D2AA9501500487D75 /* Poppins-Medium.ttf */ = {isa = PBXFileReference; lastKnownFileType = file; path = "Poppins-Medium.ttf"; sourceTree = "<group>"; };
		F343603E2AA9501500487D75 /* Poppins-Regular.ttf */ = {isa = PBXFileReference; lastKnownFileType = file; path = "Poppins-Regular.ttf"; sourceTree = "<group>"; };
		F34360422AA950E100487D75 /* Poppins-SemiBold.ttf */ = {isa = PBXFileReference; lastKnownFileType = file; path = "Poppins-SemiBold.ttf"; sourceTree = "<group>"; };
		F34360442AB90AFC00487D75 /* Poppins-ExtraBold.ttf */ = {isa = PBXFileReference; lastKnownFileType = file; path = "Poppins-ExtraBold.ttf"; sourceTree = "<group>"; };
		F34360462AB935E600487D75 /* LoginViewController.swift */ = {isa = PBXFileReference; lastKnownFileType = sourcecode.swift; path = LoginViewController.swift; sourceTree = "<group>"; };
		F34360482AB93D1B00487D75 /* Poppins-Bold.ttf */ = {isa = PBXFileReference; lastKnownFileType = file; path = "Poppins-Bold.ttf"; sourceTree = "<group>"; };
		F343604C2ABA5E1600487D75 /* RegisterInputViewController.swift */ = {isa = PBXFileReference; lastKnownFileType = sourcecode.swift; path = RegisterInputViewController.swift; sourceTree = "<group>"; };
		F34B05342AC4ED9B001E741B /* WebViewerViewController.swift */ = {isa = PBXFileReference; lastKnownFileType = sourcecode.swift; path = WebViewerViewController.swift; sourceTree = "<group>"; };
		F356D80B2ADE034C003665D6 /* Base */ = {isa = PBXFileReference; lastKnownFileType = file.storyboard; name = Base; path = Base.lproj/Main.storyboard; sourceTree = "<group>"; };
		F3D647F72AD60C4900324AA9 /* pruebasunitarias_RF11.swift */ = {isa = PBXFileReference; lastKnownFileType = sourcecode.swift; path = pruebasunitarias_RF11.swift; sourceTree = "<group>"; };
		F3D648042AD6316E00324AA9 /* pruebasUnitarias_RF10.swift */ = {isa = PBXFileReference; lastKnownFileType = sourcecode.swift; path = pruebasUnitarias_RF10.swift; sourceTree = "<group>"; };
		F3D78A462ACB92AF007E535F /* LoginController.swift */ = {isa = PBXFileReference; lastKnownFileType = sourcecode.swift; path = LoginController.swift; sourceTree = "<group>"; };
		F3D78A482ACBA057007E535F /* Users.swift */ = {isa = PBXFileReference; lastKnownFileType = sourcecode.swift; path = Users.swift; sourceTree = "<group>"; };
		F3D78A4A2ACBA1CB007E535F /* UserLogin.swift */ = {isa = PBXFileReference; lastKnownFileType = sourcecode.swift; path = UserLogin.swift; sourceTree = "<group>"; };
		F3D78A4C2ACBAEDE007E535F /* InitialEvaluationViewController.swift */ = {isa = PBXFileReference; lastKnownFileType = sourcecode.swift; path = InitialEvaluationViewController.swift; sourceTree = "<group>"; };
		F3D78A4E2ACCC514007E535F /* SignupController.swift */ = {isa = PBXFileReference; lastKnownFileType = sourcecode.swift; path = SignupController.swift; sourceTree = "<group>"; };
		F3D78A502ACE40B0007E535F /* ProfileViewController.swift */ = {isa = PBXFileReference; lastKnownFileType = sourcecode.swift; path = ProfileViewController.swift; sourceTree = "<group>"; };
		F3D78A522ACE5930007E535F /* CustomButton.swift */ = {isa = PBXFileReference; lastKnownFileType = sourcecode.swift; path = CustomButton.swift; sourceTree = "<group>"; };
		F3D78A7E2AD0A3BA007E535F /* GradeActions.swift */ = {isa = PBXFileReference; lastKnownFileType = sourcecode.swift; path = GradeActions.swift; sourceTree = "<group>"; };
		F3D78A802AD0A6D7007E535F /* GenderActions.swift */ = {isa = PBXFileReference; lastKnownFileType = sourcecode.swift; path = GenderActions.swift; sourceTree = "<group>"; };
		F3D78A822AD0A6EC007E535F /* DisciplineActions.swift */ = {isa = PBXFileReference; lastKnownFileType = sourcecode.swift; path = DisciplineActions.swift; sourceTree = "<group>"; };
		F3D78A842AD0A91D007E535F /* CountryActions.swift */ = {isa = PBXFileReference; lastKnownFileType = sourcecode.swift; path = CountryActions.swift; sourceTree = "<group>"; };
		F3D78A872AD0F360007E535F /* EcomplexityEngine.swift */ = {isa = PBXFileReference; lastKnownFileType = sourcecode.swift; path = EcomplexityEngine.swift; sourceTree = "<group>"; };
		F3D78A892AD0F389007E535F /* Question.swift */ = {isa = PBXFileReference; lastKnownFileType = sourcecode.swift; path = Question.swift; sourceTree = "<group>"; };
		F3D78A8B2AD27F7F007E535F /* FinalEvaluationViewController.swift */ = {isa = PBXFileReference; lastKnownFileType = sourcecode.swift; path = FinalEvaluationViewController.swift; sourceTree = "<group>"; };
		F3E0A7932ABCF2DE004DB845 /* RegisterInput2ViewController.swift */ = {isa = PBXFileReference; lastKnownFileType = sourcecode.swift; path = RegisterInput2ViewController.swift; sourceTree = "<group>"; };
/* End PBXFileReference section */

/* Begin PBXFrameworksBuildPhase section */
		8E3B91FA2AD77CDF0047177F /* Frameworks */ = {
			isa = PBXFrameworksBuildPhase;
			buildActionMask = 2147483647;
			files = (
			);
			runOnlyForDeploymentPostprocessing = 0;
		};
		8EEFEFF42AA3D24700809FEE /* Frameworks */ = {
			isa = PBXFrameworksBuildPhase;
			buildActionMask = 2147483647;
			files = (
			);
			runOnlyForDeploymentPostprocessing = 0;
		};
/* End PBXFrameworksBuildPhase section */

/* Begin PBXGroup section */
		8E3B91FE2AD77CDF0047177F /* SEL4CTests_pruebasunitarias */ = {
			isa = PBXGroup;
			children = (
				8ED0D32A2ACF128700BC972B /* pruebasunitarias_RF015.swift */,
				8ED0D3442ACF51C300BC972B /* pruebasunitarias_RF018.swift */,
				8ED0D3512ACF541B00BC972B /* pruebasunitarias_RF021.swift */,
				8EBFC3302AD53D39008DC11C /* pruebasunitarias_RF0017.swift */,
				F3D647F72AD60C4900324AA9 /* pruebasunitarias_RF11.swift */,
				F3D648042AD6316E00324AA9 /* pruebasUnitarias_RF10.swift */,
				F33D46582AD7453C005E577B /* pruebasUnitarias_RF12.swift */,
				F33D46652AD74B00005E577B /* pruebasUnitarias_RF13.swift */,
				8E3B91FF2AD77CDF0047177F /* SEL4CTests_pruebasunitarias.swift */,
			);
			path = SEL4CTests_pruebasunitarias;
			sourceTree = "<group>";
		};
		8EEE1C3D2AC93C5500F15234 /* Model */ = {
			isa = PBXGroup;
			children = (
				8EEE1C422ACA881C00F15234 /* SendImage.swift */,
				8EEE1C442ACA883B00F15234 /* Data.swift */,
				F3D78A522ACE5930007E535F /* CustomButton.swift */,
				8EEE1C3E2AC93D9000F15234 /* Actividades.swift */,
				8EEE1C402ACA599D00F15234 /* Modulos.swift */,
				8ED0D2EF2ACD37FC00BC972B /* ResultadoEvaluaciones.swift */,
				8ED0D3222ACE9D8F00BC972B /* Estadisticas.swift */,
				8ED0D37F2AD0A30900BC972B /* ProgresoActividades.swift */,
				8ED0D3812AD0DAFE00BC972B /* ProgresoUsuarios.swift */,
				F3D78A462ACB92AF007E535F /* LoginController.swift */,
				F3D78A482ACBA057007E535F /* Users.swift */,
				F3D78A4A2ACBA1CB007E535F /* UserLogin.swift */,
				F3D78A4E2ACCC514007E535F /* SignupController.swift */,
				F3D78A7E2AD0A3BA007E535F /* GradeActions.swift */,
				F3D78A802AD0A6D7007E535F /* GenderActions.swift */,
				F3D78A822AD0A6EC007E535F /* DisciplineActions.swift */,
				F3D78A842AD0A91D007E535F /* CountryActions.swift */,
				F3D78A872AD0F360007E535F /* EcomplexityEngine.swift */,
				F3D78A892AD0F389007E535F /* Question.swift */,
			);
			path = Model;
			sourceTree = "<group>";
		};
		8EEFEFEE2AA3D24700809FEE = {
			isa = PBXGroup;
			children = (
				F34360442AB90AFC00487D75 /* Poppins-ExtraBold.ttf */,
				F34360422AA950E100487D75 /* Poppins-SemiBold.ttf */,
				F343603D2AA9501500487D75 /* Poppins-Medium.ttf */,
				F343603E2AA9501500487D75 /* Poppins-Regular.ttf */,
				F34360482AB93D1B00487D75 /* Poppins-Bold.ttf */,
				8EEFEFF92AA3D24700809FEE /* SEL4C */,
				8E3B91FE2AD77CDF0047177F /* SEL4CTests_pruebasunitarias */,
				8EEFEFF82AA3D24700809FEE /* Products */,
			);
			sourceTree = "<group>";
		};
		8EEFEFF82AA3D24700809FEE /* Products */ = {
			isa = PBXGroup;
			children = (
				8EEFEFF72AA3D24700809FEE /* SEL4C.app */,
				8E3B91FD2AD77CDF0047177F /* SEL4CTests_pruebasunitarias.xctest */,
			);
			name = Products;
			sourceTree = "<group>";
		};
		8EEFEFF92AA3D24700809FEE /* SEL4C */ = {
			isa = PBXGroup;
			children = (
				F3D78A862AD0BAAE007E535F /* Controllers */,
				8EEE1C3D2AC93C5500F15234 /* Model */,
				8EEFEFFA2AA3D24700809FEE /* AppDelegate.swift */,
				8EEFEFFC2AA3D24700809FEE /* SceneDelegate.swift */,
				8EEFEFFE2AA3D24700809FEE /* ViewController.swift */,
				F356D80C2ADE034C003665D6 /* Main.storyboard */,
				F3D78A502ACE40B0007E535F /* ProfileViewController.swift */,
				F3D78A4C2ACBAEDE007E535F /* InitialEvaluationViewController.swift */,
				8EEE1C3B2AC53E9200F15234 /* ViewControllerEvFinal.swift */,
				8EEE1C392AC5144500F15234 /* ViewControllerEvInicialResultados.swift */,
				8EFD19092AC244D600241122 /* ViewControllerProgresoIndividual.swift */,
				8E471C382AC0B9FB00A6946D /* ViewControllerEvidenciasIndividual.swift */,
				8E471C362AC0B42D00A6946D /* ViewControllerEvidencias.swift */,
				8E471C342ABF8EB900A6946D /* ViewControllerModulosIndividual.swift */,
				8E655B552ABF73EE00CF8E66 /* ViewControllerModulos.swift */,
				8E655B512ABE77C300CF8E66 /* ViewControllerTableroActividades.swift */,
				8E304FAC2ABCD9F900BE0055 /* ViewControllerEvAct1.swift */,
				8E304FAA2ABCD90200BE0055 /* ViewControllerEv1Act1.swift */,
				8EE69E5D2ABAC737007436B5 /* ViewControllerEvaluaciones.swift */,
				8EE69E5B2ABAC72D007436B5 /* ViewControllerTableroPrincipal.swift */,
				F34360302AA9459200487D75 /* BeginViewController.swift */,
				F34360462AB935E600487D75 /* LoginViewController.swift */,
				8EB0B7CA2AA557B9002E0849 /* ViewControllerTableroInicial.swift */,
				8EEFF0032AA3D24900809FEE /* Assets.xcassets */,
				8EEFF0052AA3D24900809FEE /* LaunchScreen.storyboard */,
				8EEFF0082AA3D24900809FEE /* Info.plist */,
				8ED0D2EB2ACBEE0200BC972B /* SendVideo.swift */,
				8ED0D2ED2ACBF1FB00BC972B /* SendAudio.swift */,
			);
			path = SEL4C;
			sourceTree = "<group>";
		};
		F3D78A862AD0BAAE007E535F /* Controllers */ = {
			isa = PBXGroup;
			children = (
				F3E0A7932ABCF2DE004DB845 /* RegisterInput2ViewController.swift */,
				F343604C2ABA5E1600487D75 /* RegisterInputViewController.swift */,
				F34B05342AC4ED9B001E741B /* WebViewerViewController.swift */,
				F3D78A8B2AD27F7F007E535F /* FinalEvaluationViewController.swift */,
			);
			path = Controllers;
			sourceTree = "<group>";
		};
/* End PBXGroup section */

/* Begin PBXNativeTarget section */
		8E3B91FC2AD77CDF0047177F /* SEL4CTests_pruebasunitarias */ = {
			isa = PBXNativeTarget;
			buildConfigurationList = 8E3B92032AD77CDF0047177F /* Build configuration list for PBXNativeTarget "SEL4CTests_pruebasunitarias" */;
			buildPhases = (
				8E3B91F92AD77CDF0047177F /* Sources */,
				8E3B91FA2AD77CDF0047177F /* Frameworks */,
				8E3B91FB2AD77CDF0047177F /* Resources */,
			);
			buildRules = (
			);
			dependencies = (
				8E3B92022AD77CDF0047177F /* PBXTargetDependency */,
			);
			name = SEL4CTests_pruebasunitarias;
			productName = SEL4CTests_pruebasunitarias;
			productReference = 8E3B91FD2AD77CDF0047177F /* SEL4CTests_pruebasunitarias.xctest */;
			productType = "com.apple.product-type.bundle.unit-test";
		};
		8EEFEFF62AA3D24700809FEE /* SEL4C */ = {
			isa = PBXNativeTarget;
			buildConfigurationList = 8EEFF00B2AA3D24900809FEE /* Build configuration list for PBXNativeTarget "SEL4C" */;
			buildPhases = (
				8EEFEFF32AA3D24700809FEE /* Sources */,
				8EEFEFF42AA3D24700809FEE /* Frameworks */,
				8EEFEFF52AA3D24700809FEE /* Resources */,
			);
			buildRules = (
			);
			dependencies = (
			);
			name = SEL4C;
			productName = SEL4C;
			productReference = 8EEFEFF72AA3D24700809FEE /* SEL4C.app */;
			productType = "com.apple.product-type.application";
		};
/* End PBXNativeTarget section */

/* Begin PBXProject section */
		8EEFEFEF2AA3D24700809FEE /* Project object */ = {
			isa = PBXProject;
			attributes = {
				BuildIndependentTargetsInParallel = 1;
				LastSwiftUpdateCheck = 1430;
				LastUpgradeCheck = 1500;
				TargetAttributes = {
					8E3B91FC2AD77CDF0047177F = {
						CreatedOnToolsVersion = 14.3.1;
						TestTargetID = 8EEFEFF62AA3D24700809FEE;
					};
					8EEFEFF62AA3D24700809FEE = {
						CreatedOnToolsVersion = 14.3.1;
					};
				};
			};
			buildConfigurationList = 8EEFEFF22AA3D24700809FEE /* Build configuration list for PBXProject "SEL4C" */;
			compatibilityVersion = "Xcode 14.0";
			developmentRegion = en;
			hasScannedForEncodings = 0;
			knownRegions = (
				en,
				Base,
			);
			mainGroup = 8EEFEFEE2AA3D24700809FEE;
			productRefGroup = 8EEFEFF82AA3D24700809FEE /* Products */;
			projectDirPath = "";
			projectRoot = "";
			targets = (
				8EEFEFF62AA3D24700809FEE /* SEL4C */,
				8E3B91FC2AD77CDF0047177F /* SEL4CTests_pruebasunitarias */,
			);
		};
/* End PBXProject section */

/* Begin PBXResourcesBuildPhase section */
		8E3B91FB2AD77CDF0047177F /* Resources */ = {
			isa = PBXResourcesBuildPhase;
			buildActionMask = 2147483647;
			files = (
			);
			runOnlyForDeploymentPostprocessing = 0;
		};
		8EEFEFF52AA3D24700809FEE /* Resources */ = {
			isa = PBXResourcesBuildPhase;
			buildActionMask = 2147483647;
			files = (
				8EEFF0072AA3D24900809FEE /* LaunchScreen.storyboard in Resources */,
				8EEFF0042AA3D24900809FEE /* Assets.xcassets in Resources */,
				F34360412AA9501600487D75 /* Poppins-Regular.ttf in Resources */,
				F34360492AB93D1B00487D75 /* Poppins-Bold.ttf in Resources */,
				F34360452AB90AFC00487D75 /* Poppins-ExtraBold.ttf in Resources */,
				F34360432AA950E100487D75 /* Poppins-SemiBold.ttf in Resources */,
				F356D80A2ADE034C003665D6 /* Main.storyboard in Resources */,
				F34360402AA9501600487D75 /* Poppins-Medium.ttf in Resources */,
			);
			runOnlyForDeploymentPostprocessing = 0;
		};
/* End PBXResourcesBuildPhase section */

/* Begin PBXSourcesBuildPhase section */
		8E3B91F92AD77CDF0047177F /* Sources */ = {
			isa = PBXSourcesBuildPhase;
			buildActionMask = 2147483647;
			files = (
				8E3B92002AD77CDF0047177F /* SEL4CTests_pruebasunitarias.swift in Sources */,
				8E3B92062AD77CE60047177F /* pruebasunitarias_RF0017.swift in Sources */,
				8E3B92082AD77CE60047177F /* pruebasunitarias_RF015.swift in Sources */,
				8E3B920D2AD77CE60047177F /* pruebasUnitarias_RF10.swift in Sources */,
				8E3B920C2AD77CE60047177F /* pruebasUnitarias_RF13.swift in Sources */,
				8E3B920A2AD77CE60047177F /* pruebasunitarias_RF11.swift in Sources */,
				8E3B920B2AD77CE60047177F /* pruebasunitarias_RF021.swift in Sources */,
				8E3B92092AD77CE60047177F /* pruebasUnitarias_RF12.swift in Sources */,
				8E3B92072AD77CE60047177F /* pruebasunitarias_RF018.swift in Sources */,
			);
			runOnlyForDeploymentPostprocessing = 0;
		};
		8EEFEFF32AA3D24700809FEE /* Sources */ = {
			isa = PBXSourcesBuildPhase;
			buildActionMask = 2147483647;
			files = (
				F3D78A4B2ACBA1CB007E535F /* UserLogin.swift in Sources */,
				F3D78A4D2ACBAEDE007E535F /* InitialEvaluationViewController.swift in Sources */,
				8EE69E5C2ABAC72D007436B5 /* ViewControllerTableroPrincipal.swift in Sources */,
				8ED0D3822AD0DAFE00BC972B /* ProgresoUsuarios.swift in Sources */,
				F34B05352AC4ED9B001E741B /* WebViewerViewController.swift in Sources */,
				F343604D2ABA5E1600487D75 /* RegisterInputViewController.swift in Sources */,
				8ED0D2F02ACD37FC00BC972B /* ResultadoEvaluaciones.swift in Sources */,
				F3D78A472ACB92AF007E535F /* LoginController.swift in Sources */,
				8EEFEFFF2AA3D24700809FEE /* ViewController.swift in Sources */,
				8E471C392AC0B9FB00A6946D /* ViewControllerEvidenciasIndividual.swift in Sources */,
				F3D78A812AD0A6D7007E535F /* GenderActions.swift in Sources */,
				8EB0B7CB2AA557B9002E0849 /* ViewControllerTableroInicial.swift in Sources */,
				8E304FAD2ABCD9F900BE0055 /* ViewControllerEvAct1.swift in Sources */,
				8EFD190A2AC244D700241122 /* ViewControllerProgresoIndividual.swift in Sources */,
				8EEFEFFB2AA3D24700809FEE /* AppDelegate.swift in Sources */,
				F3D78A8A2AD0F389007E535F /* Question.swift in Sources */,
				8E655B522ABE77C300CF8E66 /* ViewControllerTableroActividades.swift in Sources */,
				F3D78A8C2AD27F7F007E535F /* FinalEvaluationViewController.swift in Sources */,
				F34360312AA9459200487D75 /* BeginViewController.swift in Sources */,
				F3D78A4F2ACCC514007E535F /* SignupController.swift in Sources */,
				F3D78A832AD0A6EC007E535F /* DisciplineActions.swift in Sources */,
				F3E0A7942ABCF2DE004DB845 /* RegisterInput2ViewController.swift in Sources */,
				8ED0D3802AD0A30900BC972B /* ProgresoActividades.swift in Sources */,
				8ED0D3232ACE9D8F00BC972B /* Estadisticas.swift in Sources */,
				8E655B562ABF73EE00CF8E66 /* ViewControllerModulos.swift in Sources */,
				8EEE1C432ACA881C00F15234 /* SendImage.swift in Sources */,
				8E304FAB2ABCD90200BE0055 /* ViewControllerEv1Act1.swift in Sources */,
				8EEE1C3A2AC5144500F15234 /* ViewControllerEvInicialResultados.swift in Sources */,
				8ED0D2EC2ACBEE0200BC972B /* SendVideo.swift in Sources */,
				8EEE1C412ACA599D00F15234 /* Modulos.swift in Sources */,
				8EEFEFFD2AA3D24700809FEE /* SceneDelegate.swift in Sources */,
				F3D78A512ACE40B0007E535F /* ProfileViewController.swift in Sources */,
				8EE69E5E2ABAC737007436B5 /* ViewControllerEvaluaciones.swift in Sources */,
				F3D78A492ACBA057007E535F /* Users.swift in Sources */,
				8EEE1C3C2AC53E9200F15234 /* ViewControllerEvFinal.swift in Sources */,
				F34360472AB935E600487D75 /* LoginViewController.swift in Sources */,
				8ED0D2EE2ACBF1FB00BC972B /* SendAudio.swift in Sources */,
				8E471C372AC0B42D00A6946D /* ViewControllerEvidencias.swift in Sources */,
				F3D78A532ACE5930007E535F /* CustomButton.swift in Sources */,
				8EEE1C3F2AC93D9000F15234 /* Actividades.swift in Sources */,
				F3D78A852AD0A91D007E535F /* CountryActions.swift in Sources */,
				8E471C352ABF8EB900A6946D /* ViewControllerModulosIndividual.swift in Sources */,
				8EEE1C452ACA883B00F15234 /* Data.swift in Sources */,
				F3D78A7F2AD0A3BA007E535F /* GradeActions.swift in Sources */,
				F3D78A882AD0F360007E535F /* EcomplexityEngine.swift in Sources */,
			);
			runOnlyForDeploymentPostprocessing = 0;
		};
/* End PBXSourcesBuildPhase section */

/* Begin PBXTargetDependency section */
		8E3B92022AD77CDF0047177F /* PBXTargetDependency */ = {
			isa = PBXTargetDependency;
			target = 8EEFEFF62AA3D24700809FEE /* SEL4C */;
			targetProxy = 8E3B92012AD77CDF0047177F /* PBXContainerItemProxy */;
		};
/* End PBXTargetDependency section */

/* Begin PBXVariantGroup section */
		8EEFF0052AA3D24900809FEE /* LaunchScreen.storyboard */ = {
			isa = PBXVariantGroup;
			children = (
				8EEFF0062AA3D24900809FEE /* Base */,
			);
			name = LaunchScreen.storyboard;
			sourceTree = "<group>";
		};
		F356D80C2ADE034C003665D6 /* Main.storyboard */ = {
			isa = PBXVariantGroup;
			children = (
				F356D80B2ADE034C003665D6 /* Base */,
			);
			name = Main.storyboard;
			sourceTree = "<group>";
		};
/* End PBXVariantGroup section */

/* Begin XCBuildConfiguration section */
		8E3B92042AD77CDF0047177F /* Debug */ = {
			isa = XCBuildConfiguration;
			buildSettings = {
				BUNDLE_LOADER = "$(TEST_HOST)";
				CODE_SIGN_STYLE = Automatic;
				CURRENT_PROJECT_VERSION = 1;
				GENERATE_INFOPLIST_FILE = YES;
				IPHONEOS_DEPLOYMENT_TARGET = 16.4;
				MARKETING_VERSION = 1.0;
				PRODUCT_BUNDLE_IDENTIFIER = "mx.Equipo8.SEL4CTests-pruebasunitarias";
				PRODUCT_NAME = "$(TARGET_NAME)";
				SWIFT_EMIT_LOC_STRINGS = NO;
				SWIFT_VERSION = 5.0;
				TARGETED_DEVICE_FAMILY = "1,2";
				TEST_HOST = "$(BUILT_PRODUCTS_DIR)/SEL4C.app/$(BUNDLE_EXECUTABLE_FOLDER_PATH)/SEL4C";
			};
			name = Debug;
		};
		8E3B92052AD77CDF0047177F /* Release */ = {
			isa = XCBuildConfiguration;
			buildSettings = {
				BUNDLE_LOADER = "$(TEST_HOST)";
				CODE_SIGN_STYLE = Automatic;
				CURRENT_PROJECT_VERSION = 1;
				GENERATE_INFOPLIST_FILE = YES;
				IPHONEOS_DEPLOYMENT_TARGET = 16.4;
				MARKETING_VERSION = 1.0;
				PRODUCT_BUNDLE_IDENTIFIER = "mx.Equipo8.SEL4CTests-pruebasunitarias";
				PRODUCT_NAME = "$(TARGET_NAME)";
				SWIFT_EMIT_LOC_STRINGS = NO;
				SWIFT_VERSION = 5.0;
				TARGETED_DEVICE_FAMILY = "1,2";
				TEST_HOST = "$(BUILT_PRODUCTS_DIR)/SEL4C.app/$(BUNDLE_EXECUTABLE_FOLDER_PATH)/SEL4C";
			};
			name = Release;
		};
		8EEFF0092AA3D24900809FEE /* Debug */ = {
			isa = XCBuildConfiguration;
			buildSettings = {
				ALWAYS_SEARCH_USER_PATHS = NO;
				CLANG_ANALYZER_NONNULL = YES;
				CLANG_ANALYZER_NUMBER_OBJECT_CONVERSION = YES_AGGRESSIVE;
				CLANG_CXX_LANGUAGE_STANDARD = "gnu++20";
				CLANG_ENABLE_MODULES = YES;
				CLANG_ENABLE_OBJC_ARC = YES;
				CLANG_ENABLE_OBJC_WEAK = YES;
				CLANG_WARN_BLOCK_CAPTURE_AUTORELEASING = YES;
				CLANG_WARN_BOOL_CONVERSION = YES;
				CLANG_WARN_COMMA = YES;
				CLANG_WARN_CONSTANT_CONVERSION = YES;
				CLANG_WARN_DEPRECATED_OBJC_IMPLEMENTATIONS = YES;
				CLANG_WARN_DIRECT_OBJC_ISA_USAGE = YES_ERROR;
				CLANG_WARN_DOCUMENTATION_COMMENTS = YES;
				CLANG_WARN_EMPTY_BODY = YES;
				CLANG_WARN_ENUM_CONVERSION = YES;
				CLANG_WARN_INFINITE_RECURSION = YES;
				CLANG_WARN_INT_CONVERSION = YES;
				CLANG_WARN_NON_LITERAL_NULL_CONVERSION = YES;
				CLANG_WARN_OBJC_IMPLICIT_RETAIN_SELF = YES;
				CLANG_WARN_OBJC_LITERAL_CONVERSION = YES;
				CLANG_WARN_OBJC_ROOT_CLASS = YES_ERROR;
				CLANG_WARN_QUOTED_INCLUDE_IN_FRAMEWORK_HEADER = YES;
				CLANG_WARN_RANGE_LOOP_ANALYSIS = YES;
				CLANG_WARN_STRICT_PROTOTYPES = YES;
				CLANG_WARN_SUSPICIOUS_MOVE = YES;
				CLANG_WARN_UNGUARDED_AVAILABILITY = YES_AGGRESSIVE;
				CLANG_WARN_UNREACHABLE_CODE = YES;
				CLANG_WARN__DUPLICATE_METHOD_MATCH = YES;
				COPY_PHASE_STRIP = NO;
				DEBUG_INFORMATION_FORMAT = dwarf;
				ENABLE_STRICT_OBJC_MSGSEND = YES;
				ENABLE_TESTABILITY = YES;
				GCC_C_LANGUAGE_STANDARD = gnu11;
				GCC_DYNAMIC_NO_PIC = NO;
				GCC_NO_COMMON_BLOCKS = YES;
				GCC_OPTIMIZATION_LEVEL = 0;
				GCC_PREPROCESSOR_DEFINITIONS = (
					"DEBUG=1",
					"$(inherited)",
				);
				GCC_WARN_64_TO_32_BIT_CONVERSION = YES;
				GCC_WARN_ABOUT_RETURN_TYPE = YES_ERROR;
				GCC_WARN_UNDECLARED_SELECTOR = YES;
				GCC_WARN_UNINITIALIZED_AUTOS = YES_AGGRESSIVE;
				GCC_WARN_UNUSED_FUNCTION = YES;
				GCC_WARN_UNUSED_VARIABLE = YES;
				IPHONEOS_DEPLOYMENT_TARGET = 16.3;
				MTL_ENABLE_DEBUG_INFO = INCLUDE_SOURCE;
				MTL_FAST_MATH = YES;
				ONLY_ACTIVE_ARCH = YES;
				SDKROOT = iphoneos;
				SWIFT_ACTIVE_COMPILATION_CONDITIONS = DEBUG;
				SWIFT_OPTIMIZATION_LEVEL = "-Onone";
			};
			name = Debug;
		};
		8EEFF00A2AA3D24900809FEE /* Release */ = {
			isa = XCBuildConfiguration;
			buildSettings = {
				ALWAYS_SEARCH_USER_PATHS = NO;
				CLANG_ANALYZER_NONNULL = YES;
				CLANG_ANALYZER_NUMBER_OBJECT_CONVERSION = YES_AGGRESSIVE;
				CLANG_CXX_LANGUAGE_STANDARD = "gnu++20";
				CLANG_ENABLE_MODULES = YES;
				CLANG_ENABLE_OBJC_ARC = YES;
				CLANG_ENABLE_OBJC_WEAK = YES;
				CLANG_WARN_BLOCK_CAPTURE_AUTORELEASING = YES;
				CLANG_WARN_BOOL_CONVERSION = YES;
				CLANG_WARN_COMMA = YES;
				CLANG_WARN_CONSTANT_CONVERSION = YES;
				CLANG_WARN_DEPRECATED_OBJC_IMPLEMENTATIONS = YES;
				CLANG_WARN_DIRECT_OBJC_ISA_USAGE = YES_ERROR;
				CLANG_WARN_DOCUMENTATION_COMMENTS = YES;
				CLANG_WARN_EMPTY_BODY = YES;
				CLANG_WARN_ENUM_CONVERSION = YES;
				CLANG_WARN_INFINITE_RECURSION = YES;
				CLANG_WARN_INT_CONVERSION = YES;
				CLANG_WARN_NON_LITERAL_NULL_CONVERSION = YES;
				CLANG_WARN_OBJC_IMPLICIT_RETAIN_SELF = YES;
				CLANG_WARN_OBJC_LITERAL_CONVERSION = YES;
				CLANG_WARN_OBJC_ROOT_CLASS = YES_ERROR;
				CLANG_WARN_QUOTED_INCLUDE_IN_FRAMEWORK_HEADER = YES;
				CLANG_WARN_RANGE_LOOP_ANALYSIS = YES;
				CLANG_WARN_STRICT_PROTOTYPES = YES;
				CLANG_WARN_SUSPICIOUS_MOVE = YES;
				CLANG_WARN_UNGUARDED_AVAILABILITY = YES_AGGRESSIVE;
				CLANG_WARN_UNREACHABLE_CODE = YES;
				CLANG_WARN__DUPLICATE_METHOD_MATCH = YES;
				COPY_PHASE_STRIP = NO;
				DEBUG_INFORMATION_FORMAT = "dwarf-with-dsym";
				ENABLE_NS_ASSERTIONS = NO;
				ENABLE_STRICT_OBJC_MSGSEND = YES;
				GCC_C_LANGUAGE_STANDARD = gnu11;
				GCC_NO_COMMON_BLOCKS = YES;
				GCC_WARN_64_TO_32_BIT_CONVERSION = YES;
				GCC_WARN_ABOUT_RETURN_TYPE = YES_ERROR;
				GCC_WARN_UNDECLARED_SELECTOR = YES;
				GCC_WARN_UNINITIALIZED_AUTOS = YES_AGGRESSIVE;
				GCC_WARN_UNUSED_FUNCTION = YES;
				GCC_WARN_UNUSED_VARIABLE = YES;
				IPHONEOS_DEPLOYMENT_TARGET = 16.3;
				MTL_ENABLE_DEBUG_INFO = NO;
				MTL_FAST_MATH = YES;
				SDKROOT = iphoneos;
				SWIFT_COMPILATION_MODE = wholemodule;
				SWIFT_OPTIMIZATION_LEVEL = "-O";
				VALIDATE_PRODUCT = YES;
			};
			name = Release;
		};
		8EEFF00C2AA3D24900809FEE /* Debug */ = {
			isa = XCBuildConfiguration;
			buildSettings = {
				ASSETCATALOG_COMPILER_APPICON_NAME = AppIcon;
				ASSETCATALOG_COMPILER_GLOBAL_ACCENT_COLOR_NAME = AccentColor;
				CODE_SIGN_STYLE = Automatic;
				CURRENT_PROJECT_VERSION = 1;
				DEVELOPMENT_TEAM = 4XRBL7AZMG;
				GENERATE_INFOPLIST_FILE = YES;
				INFOPLIST_FILE = SEL4C/Info.plist;
				INFOPLIST_KEY_NSCameraUsageDescription = "Se solicita permiso de acceso a la cámara";
				INFOPLIST_KEY_NSMicrophoneUsageDescription = "Se solicita permiso de acceso al micrófono";
				INFOPLIST_KEY_UIApplicationSupportsIndirectInputEvents = YES;
				INFOPLIST_KEY_UILaunchStoryboardName = LaunchScreen;
				INFOPLIST_KEY_UIMainStoryboardFile = Main;
				INFOPLIST_KEY_UISupportedInterfaceOrientations_iPad = "UIInterfaceOrientationPortrait UIInterfaceOrientationPortraitUpsideDown UIInterfaceOrientationLandscapeLeft UIInterfaceOrientationLandscapeRight";
				INFOPLIST_KEY_UISupportedInterfaceOrientations_iPhone = "UIInterfaceOrientationPortrait UIInterfaceOrientationLandscapeLeft UIInterfaceOrientationLandscapeRight";
				IPHONEOS_DEPLOYMENT_TARGET = 16.3;
				LD_RUNPATH_SEARCH_PATHS = (
					"$(inherited)",
					"@executable_path/Frameworks",
				);
				MARKETING_VERSION = 1.0;
				PRODUCT_BUNDLE_IDENTIFIER = mx.Equipo8.SEL4C;
				PRODUCT_NAME = "$(TARGET_NAME)";
				SWIFT_EMIT_LOC_STRINGS = YES;
				SWIFT_VERSION = 5.0;
				TARGETED_DEVICE_FAMILY = "1,2";
			};
			name = Debug;
		};
		8EEFF00D2AA3D24900809FEE /* Release */ = {
			isa = XCBuildConfiguration;
			buildSettings = {
				ASSETCATALOG_COMPILER_APPICON_NAME = AppIcon;
				ASSETCATALOG_COMPILER_GLOBAL_ACCENT_COLOR_NAME = AccentColor;
				CODE_SIGN_STYLE = Automatic;
				CURRENT_PROJECT_VERSION = 1;
				DEVELOPMENT_TEAM = 4XRBL7AZMG;
				GENERATE_INFOPLIST_FILE = YES;
				INFOPLIST_FILE = SEL4C/Info.plist;
				INFOPLIST_KEY_NSCameraUsageDescription = "Se solicita permiso de acceso a la cámara";
				INFOPLIST_KEY_NSMicrophoneUsageDescription = "Se solicita permiso de acceso al micrófono";
				INFOPLIST_KEY_UIApplicationSupportsIndirectInputEvents = YES;
				INFOPLIST_KEY_UILaunchStoryboardName = LaunchScreen;
				INFOPLIST_KEY_UIMainStoryboardFile = Main;
				INFOPLIST_KEY_UISupportedInterfaceOrientations_iPad = "UIInterfaceOrientationPortrait UIInterfaceOrientationPortraitUpsideDown UIInterfaceOrientationLandscapeLeft UIInterfaceOrientationLandscapeRight";
				INFOPLIST_KEY_UISupportedInterfaceOrientations_iPhone = "UIInterfaceOrientationPortrait UIInterfaceOrientationLandscapeLeft UIInterfaceOrientationLandscapeRight";
				IPHONEOS_DEPLOYMENT_TARGET = 16.3;
				LD_RUNPATH_SEARCH_PATHS = (
					"$(inherited)",
					"@executable_path/Frameworks",
				);
				MARKETING_VERSION = 1.0;
				PRODUCT_BUNDLE_IDENTIFIER = mx.Equipo8.SEL4C;
				PRODUCT_NAME = "$(TARGET_NAME)";
				SWIFT_EMIT_LOC_STRINGS = YES;
				SWIFT_VERSION = 5.0;
				TARGETED_DEVICE_FAMILY = "1,2";
			};
			name = Release;
		};
/* End XCBuildConfiguration section */

/* Begin XCConfigurationList section */
		8E3B92032AD77CDF0047177F /* Build configuration list for PBXNativeTarget "SEL4CTests_pruebasunitarias" */ = {
			isa = XCConfigurationList;
			buildConfigurations = (
				8E3B92042AD77CDF0047177F /* Debug */,
				8E3B92052AD77CDF0047177F /* Release */,
			);
			defaultConfigurationIsVisible = 0;
			defaultConfigurationName = Release;
		};
		8EEFEFF22AA3D24700809FEE /* Build configuration list for PBXProject "SEL4C" */ = {
			isa = XCConfigurationList;
			buildConfigurations = (
				8EEFF0092AA3D24900809FEE /* Debug */,
				8EEFF00A2AA3D24900809FEE /* Release */,
			);
			defaultConfigurationIsVisible = 0;
			defaultConfigurationName = Release;
		};
		8EEFF00B2AA3D24900809FEE /* Build configuration list for PBXNativeTarget "SEL4C" */ = {
			isa = XCConfigurationList;
			buildConfigurations = (
				8EEFF00C2AA3D24900809FEE /* Debug */,
				8EEFF00D2AA3D24900809FEE /* Release */,
			);
			defaultConfigurationIsVisible = 0;
			defaultConfigurationName = Release;
		};
/* End XCConfigurationList section */
	};
	rootObject = 8EEFEFEF2AA3D24700809FEE /* Project object */;
}
