// !$*UTF8*$!
{
	archiveVersion = 1;
	classes = {
	};
	objectVersion = 56;
	objects = {

/* Begin PBXBuildFile section */
		8E304FA72ABBBF5B00BE0055 /* ViewControllerActividadUno.swift in Sources */ = {isa = PBXBuildFile; fileRef = 8E304FA62ABBBF5B00BE0055 /* ViewControllerActividadUno.swift */; };
		8E304FAB2ABCD90200BE0055 /* ViewControllerEv1Act1.swift in Sources */ = {isa = PBXBuildFile; fileRef = 8E304FAA2ABCD90200BE0055 /* ViewControllerEv1Act1.swift */; };
		8E304FAD2ABCD9F900BE0055 /* ViewControllerEvAct1.swift in Sources */ = {isa = PBXBuildFile; fileRef = 8E304FAC2ABCD9F900BE0055 /* ViewControllerEvAct1.swift */; };
		8E471C352ABF8EB900A6946D /* ViewControllerModulosIndividual.swift in Sources */ = {isa = PBXBuildFile; fileRef = 8E471C342ABF8EB900A6946D /* ViewControllerModulosIndividual.swift */; };
		8E471C372AC0B42D00A6946D /* ViewControllerEvidencias.swift in Sources */ = {isa = PBXBuildFile; fileRef = 8E471C362AC0B42D00A6946D /* ViewControllerEvidencias.swift */; };
		8E471C392AC0B9FB00A6946D /* ViewControllerEvidenciasIndividual.swift in Sources */ = {isa = PBXBuildFile; fileRef = 8E471C382AC0B9FB00A6946D /* ViewControllerEvidenciasIndividual.swift */; };
		8E655B522ABE77C300CF8E66 /* ViewControllerTableroActividades.swift in Sources */ = {isa = PBXBuildFile; fileRef = 8E655B512ABE77C300CF8E66 /* ViewControllerTableroActividades.swift */; };
		8E655B562ABF73EE00CF8E66 /* ViewControllerModulos.swift in Sources */ = {isa = PBXBuildFile; fileRef = 8E655B552ABF73EE00CF8E66 /* ViewControllerModulos.swift */; };
		8EB0B7CB2AA557B9002E0849 /* ViewControllerTableroInicial.swift in Sources */ = {isa = PBXBuildFile; fileRef = 8EB0B7CA2AA557B9002E0849 /* ViewControllerTableroInicial.swift */; };
		8EE69E5C2ABAC72D007436B5 /* ViewControllerTableroPrincipal.swift in Sources */ = {isa = PBXBuildFile; fileRef = 8EE69E5B2ABAC72D007436B5 /* ViewControllerTableroPrincipal.swift */; };
		8EE69E5E2ABAC737007436B5 /* ViewControllerEvaluaciones.swift in Sources */ = {isa = PBXBuildFile; fileRef = 8EE69E5D2ABAC737007436B5 /* ViewControllerEvaluaciones.swift */; };
		8EE69E602ABAC9EF007436B5 /* ViewControllerActividades.swift in Sources */ = {isa = PBXBuildFile; fileRef = 8EE69E5F2ABAC9EF007436B5 /* ViewControllerActividades.swift */; };
		8EEE1C382AC3909E00F15234 /* ViewControllerPerfil.swift in Sources */ = {isa = PBXBuildFile; fileRef = 8EEE1C372AC3909E00F15234 /* ViewControllerPerfil.swift */; };
		8EEE1C3A2AC5144500F15234 /* ViewControllerEvInicialResultados.swift in Sources */ = {isa = PBXBuildFile; fileRef = 8EEE1C392AC5144500F15234 /* ViewControllerEvInicialResultados.swift */; };
		8EEE1C3C2AC53E9200F15234 /* ViewControllerEvFinal.swift in Sources */ = {isa = PBXBuildFile; fileRef = 8EEE1C3B2AC53E9200F15234 /* ViewControllerEvFinal.swift */; };
		8EEE1C3F2AC93D9000F15234 /* Actividades.swift in Sources */ = {isa = PBXBuildFile; fileRef = 8EEE1C3E2AC93D9000F15234 /* Actividades.swift */; };
		8EEE1C412ACA599D00F15234 /* Modulos.swift in Sources */ = {isa = PBXBuildFile; fileRef = 8EEE1C402ACA599D00F15234 /* Modulos.swift */; };
		8EEE1C432ACA881C00F15234 /* SendImage.swift in Sources */ = {isa = PBXBuildFile; fileRef = 8EEE1C422ACA881C00F15234 /* SendImage.swift */; };
		8EEE1C452ACA883B00F15234 /* Data.swift in Sources */ = {isa = PBXBuildFile; fileRef = 8EEE1C442ACA883B00F15234 /* Data.swift */; };
		8EEFEFFB2AA3D24700809FEE /* AppDelegate.swift in Sources */ = {isa = PBXBuildFile; fileRef = 8EEFEFFA2AA3D24700809FEE /* AppDelegate.swift */; };
		8EEFEFFD2AA3D24700809FEE /* SceneDelegate.swift in Sources */ = {isa = PBXBuildFile; fileRef = 8EEFEFFC2AA3D24700809FEE /* SceneDelegate.swift */; };
		8EEFEFFF2AA3D24700809FEE /* ViewController.swift in Sources */ = {isa = PBXBuildFile; fileRef = 8EEFEFFE2AA3D24700809FEE /* ViewController.swift */; };
		8EEFF0022AA3D24700809FEE /* Main.storyboard in Resources */ = {isa = PBXBuildFile; fileRef = 8EEFF0002AA3D24700809FEE /* Main.storyboard */; };
		8EEFF0042AA3D24900809FEE /* Assets.xcassets in Resources */ = {isa = PBXBuildFile; fileRef = 8EEFF0032AA3D24900809FEE /* Assets.xcassets */; };
		8EEFF0072AA3D24900809FEE /* LaunchScreen.storyboard in Resources */ = {isa = PBXBuildFile; fileRef = 8EEFF0052AA3D24900809FEE /* LaunchScreen.storyboard */; };
		8EFD190A2AC244D700241122 /* ViewControllerProgresoIndividual.swift in Sources */ = {isa = PBXBuildFile; fileRef = 8EFD19092AC244D600241122 /* ViewControllerProgresoIndividual.swift */; };
		F34360312AA9459200487D75 /* BeginViewController.swift in Sources */ = {isa = PBXBuildFile; fileRef = F34360302AA9459200487D75 /* BeginViewController.swift */; };
		F34360402AA9501600487D75 /* Poppins-Medium.ttf in Resources */ = {isa = PBXBuildFile; fileRef = F343603D2AA9501500487D75 /* Poppins-Medium.ttf */; };
		F34360412AA9501600487D75 /* Poppins-Regular.ttf in Resources */ = {isa = PBXBuildFile; fileRef = F343603E2AA9501500487D75 /* Poppins-Regular.ttf */; };
		F34360432AA950E100487D75 /* Poppins-SemiBold.ttf in Resources */ = {isa = PBXBuildFile; fileRef = F34360422AA950E100487D75 /* Poppins-SemiBold.ttf */; };
		F34360452AB90AFC00487D75 /* Poppins-ExtraBold.ttf in Resources */ = {isa = PBXBuildFile; fileRef = F34360442AB90AFC00487D75 /* Poppins-ExtraBold.ttf */; };
		F34360472AB935E600487D75 /* LoginViewController.swift in Sources */ = {isa = PBXBuildFile; fileRef = F34360462AB935E600487D75 /* LoginViewController.swift */; };
		F34360492AB93D1B00487D75 /* Poppins-Bold.ttf in Resources */ = {isa = PBXBuildFile; fileRef = F34360482AB93D1B00487D75 /* Poppins-Bold.ttf */; };
		F343604D2ABA5E1600487D75 /* RegisterInputViewController.swift in Sources */ = {isa = PBXBuildFile; fileRef = F343604C2ABA5E1600487D75 /* RegisterInputViewController.swift */; };
		F34B05352AC4ED9B001E741B /* WebViewerViewController.swift in Sources */ = {isa = PBXBuildFile; fileRef = F34B05342AC4ED9B001E741B /* WebViewerViewController.swift */; };
		F3E0A7942ABCF2DE004DB845 /* RegisterInput2ViewController.swift in Sources */ = {isa = PBXBuildFile; fileRef = F3E0A7932ABCF2DE004DB845 /* RegisterInput2ViewController.swift */; };
/* End PBXBuildFile section */

/* Begin PBXFileReference section */
		8E304FA62ABBBF5B00BE0055 /* ViewControllerActividadUno.swift */ = {isa = PBXFileReference; lastKnownFileType = sourcecode.swift; path = ViewControllerActividadUno.swift; sourceTree = "<group>"; };
		8E304FAA2ABCD90200BE0055 /* ViewControllerEv1Act1.swift */ = {isa = PBXFileReference; lastKnownFileType = sourcecode.swift; path = ViewControllerEv1Act1.swift; sourceTree = "<group>"; };
		8E304FAC2ABCD9F900BE0055 /* ViewControllerEvAct1.swift */ = {isa = PBXFileReference; lastKnownFileType = sourcecode.swift; path = ViewControllerEvAct1.swift; sourceTree = "<group>"; };
		8E471C342ABF8EB900A6946D /* ViewControllerModulosIndividual.swift */ = {isa = PBXFileReference; lastKnownFileType = sourcecode.swift; path = ViewControllerModulosIndividual.swift; sourceTree = "<group>"; };
		8E471C362AC0B42D00A6946D /* ViewControllerEvidencias.swift */ = {isa = PBXFileReference; lastKnownFileType = sourcecode.swift; path = ViewControllerEvidencias.swift; sourceTree = "<group>"; };
		8E471C382AC0B9FB00A6946D /* ViewControllerEvidenciasIndividual.swift */ = {isa = PBXFileReference; lastKnownFileType = sourcecode.swift; path = ViewControllerEvidenciasIndividual.swift; sourceTree = "<group>"; };
		8E655B512ABE77C300CF8E66 /* ViewControllerTableroActividades.swift */ = {isa = PBXFileReference; lastKnownFileType = sourcecode.swift; path = ViewControllerTableroActividades.swift; sourceTree = "<group>"; };
		8E655B552ABF73EE00CF8E66 /* ViewControllerModulos.swift */ = {isa = PBXFileReference; lastKnownFileType = sourcecode.swift; path = ViewControllerModulos.swift; sourceTree = "<group>"; };
		8EB0B7CA2AA557B9002E0849 /* ViewControllerTableroInicial.swift */ = {isa = PBXFileReference; lastKnownFileType = sourcecode.swift; path = ViewControllerTableroInicial.swift; sourceTree = "<group>"; };
		8EE69E5B2ABAC72D007436B5 /* ViewControllerTableroPrincipal.swift */ = {isa = PBXFileReference; fileEncoding = 4; lastKnownFileType = sourcecode.swift; path = ViewControllerTableroPrincipal.swift; sourceTree = "<group>"; };
		8EE69E5D2ABAC737007436B5 /* ViewControllerEvaluaciones.swift */ = {isa = PBXFileReference; fileEncoding = 4; lastKnownFileType = sourcecode.swift; path = ViewControllerEvaluaciones.swift; sourceTree = "<group>"; };
		8EE69E5F2ABAC9EF007436B5 /* ViewControllerActividades.swift */ = {isa = PBXFileReference; lastKnownFileType = sourcecode.swift; path = ViewControllerActividades.swift; sourceTree = "<group>"; };
		8EEE1C372AC3909E00F15234 /* ViewControllerPerfil.swift */ = {isa = PBXFileReference; lastKnownFileType = sourcecode.swift; path = ViewControllerPerfil.swift; sourceTree = "<group>"; };
		8EEE1C392AC5144500F15234 /* ViewControllerEvInicialResultados.swift */ = {isa = PBXFileReference; lastKnownFileType = sourcecode.swift; path = ViewControllerEvInicialResultados.swift; sourceTree = "<group>"; };
		8EEE1C3B2AC53E9200F15234 /* ViewControllerEvFinal.swift */ = {isa = PBXFileReference; lastKnownFileType = sourcecode.swift; path = ViewControllerEvFinal.swift; sourceTree = "<group>"; };
		8EEE1C3E2AC93D9000F15234 /* Actividades.swift */ = {isa = PBXFileReference; lastKnownFileType = sourcecode.swift; path = Actividades.swift; sourceTree = "<group>"; };
		8EEE1C402ACA599D00F15234 /* Modulos.swift */ = {isa = PBXFileReference; lastKnownFileType = sourcecode.swift; path = Modulos.swift; sourceTree = "<group>"; };
		8EEE1C422ACA881C00F15234 /* SendImage.swift */ = {isa = PBXFileReference; lastKnownFileType = sourcecode.swift; path = SendImage.swift; sourceTree = "<group>"; };
		8EEE1C442ACA883B00F15234 /* Data.swift */ = {isa = PBXFileReference; lastKnownFileType = sourcecode.swift; path = Data.swift; sourceTree = "<group>"; };
		8EEFEFF72AA3D24700809FEE /* SEL4C.app */ = {isa = PBXFileReference; explicitFileType = wrapper.application; includeInIndex = 0; path = SEL4C.app; sourceTree = BUILT_PRODUCTS_DIR; };
		8EEFEFFA2AA3D24700809FEE /* AppDelegate.swift */ = {isa = PBXFileReference; lastKnownFileType = sourcecode.swift; path = AppDelegate.swift; sourceTree = "<group>"; };
		8EEFEFFC2AA3D24700809FEE /* SceneDelegate.swift */ = {isa = PBXFileReference; lastKnownFileType = sourcecode.swift; path = SceneDelegate.swift; sourceTree = "<group>"; };
		8EEFEFFE2AA3D24700809FEE /* ViewController.swift */ = {isa = PBXFileReference; lastKnownFileType = sourcecode.swift; path = ViewController.swift; sourceTree = "<group>"; };
		8EEFF0012AA3D24700809FEE /* Base */ = {isa = PBXFileReference; lastKnownFileType = file.storyboard; name = Base; path = Base.lproj/Main.storyboard; sourceTree = "<group>"; };
		8EEFF0032AA3D24900809FEE /* Assets.xcassets */ = {isa = PBXFileReference; lastKnownFileType = folder.assetcatalog; path = Assets.xcassets; sourceTree = "<group>"; };
		8EEFF0062AA3D24900809FEE /* Base */ = {isa = PBXFileReference; lastKnownFileType = file.storyboard; name = Base; path = Base.lproj/LaunchScreen.storyboard; sourceTree = "<group>"; };
		8EEFF0082AA3D24900809FEE /* Info.plist */ = {isa = PBXFileReference; lastKnownFileType = text.plist.xml; path = Info.plist; sourceTree = "<group>"; };
		8EFD19092AC244D600241122 /* ViewControllerProgresoIndividual.swift */ = {isa = PBXFileReference; lastKnownFileType = sourcecode.swift; path = ViewControllerProgresoIndividual.swift; sourceTree = "<group>"; };
		F34360302AA9459200487D75 /* BeginViewController.swift */ = {isa = PBXFileReference; lastKnownFileType = sourcecode.swift; path = BeginViewController.swift; sourceTree = "<group>"; };
		F343603D2AA9501500487D75 /* Poppins-Medium.ttf */ = {isa = PBXFileReference; lastKnownFileType = file; path = "Poppins-Medium.ttf"; sourceTree = "<group>"; };
		F343603E2AA9501500487D75 /* Poppins-Regular.ttf */ = {isa = PBXFileReference; lastKnownFileType = file; path = "Poppins-Regular.ttf"; sourceTree = "<group>"; };
		F34360422AA950E100487D75 /* Poppins-SemiBold.ttf */ = {isa = PBXFileReference; lastKnownFileType = file; path = "Poppins-SemiBold.ttf"; sourceTree = "<group>"; };
		F34360442AB90AFC00487D75 /* Poppins-ExtraBold.ttf */ = {isa = PBXFileReference; lastKnownFileType = file; path = "Poppins-ExtraBold.ttf"; sourceTree = "<group>"; };
		F34360462AB935E600487D75 /* LoginViewController.swift */ = {isa = PBXFileReference; lastKnownFileType = sourcecode.swift; path = LoginViewController.swift; sourceTree = "<group>"; };
		F34360482AB93D1B00487D75 /* Poppins-Bold.ttf */ = {isa = PBXFileReference; lastKnownFileType = file; path = "Poppins-Bold.ttf"; sourceTree = "<group>"; };
		F343604C2ABA5E1600487D75 /* RegisterInputViewController.swift */ = {isa = PBXFileReference; lastKnownFileType = sourcecode.swift; path = RegisterInputViewController.swift; sourceTree = "<group>"; };
		F34B05342AC4ED9B001E741B /* WebViewerViewController.swift */ = {isa = PBXFileReference; lastKnownFileType = sourcecode.swift; path = WebViewerViewController.swift; sourceTree = "<group>"; };
		F3E0A7932ABCF2DE004DB845 /* RegisterInput2ViewController.swift */ = {isa = PBXFileReference; lastKnownFileType = sourcecode.swift; path = RegisterInput2ViewController.swift; sourceTree = "<group>"; };
/* End PBXFileReference section */

/* Begin PBXFrameworksBuildPhase section */
		8EEFEFF42AA3D24700809FEE /* Frameworks */ = {
			isa = PBXFrameworksBuildPhase;
			buildActionMask = 2147483647;
			files = (
			);
			runOnlyForDeploymentPostprocessing = 0;
		};
/* End PBXFrameworksBuildPhase section */

/* Begin PBXGroup section */
		8EEE1C3D2AC93C5500F15234 /* Model */ = {
			isa = PBXGroup;
			children = (
				8EEE1C3E2AC93D9000F15234 /* Actividades.swift */,
				8EEE1C402ACA599D00F15234 /* Modulos.swift */,
			);
			path = Model;
			sourceTree = "<group>";
		};
		8EEFEFEE2AA3D24700809FEE = {
			isa = PBXGroup;
			children = (
				F34B05342AC4ED9B001E741B /* WebViewerViewController.swift */,
				F34360442AB90AFC00487D75 /* Poppins-ExtraBold.ttf */,
				F34360422AA950E100487D75 /* Poppins-SemiBold.ttf */,
				F343603D2AA9501500487D75 /* Poppins-Medium.ttf */,
				F343603E2AA9501500487D75 /* Poppins-Regular.ttf */,
				F34360482AB93D1B00487D75 /* Poppins-Bold.ttf */,
				8EEFEFF92AA3D24700809FEE /* SEL4C */,
				8EEFEFF82AA3D24700809FEE /* Products */,
			);
			sourceTree = "<group>";
		};
		8EEFEFF82AA3D24700809FEE /* Products */ = {
			isa = PBXGroup;
			children = (
				8EEFEFF72AA3D24700809FEE /* SEL4C.app */,
			);
			name = Products;
			sourceTree = "<group>";
		};
		8EEFEFF92AA3D24700809FEE /* SEL4C */ = {
			isa = PBXGroup;
			children = (
				8EEE1C3D2AC93C5500F15234 /* Model */,
				F3E0A7932ABCF2DE004DB845 /* RegisterInput2ViewController.swift */,
				F343604C2ABA5E1600487D75 /* RegisterInputViewController.swift */,
				8EEFEFFA2AA3D24700809FEE /* AppDelegate.swift */,
				8EEFEFFC2AA3D24700809FEE /* SceneDelegate.swift */,
				8EEFEFFE2AA3D24700809FEE /* ViewController.swift */,
				8EEE1C422ACA881C00F15234 /* SendImage.swift */,
				8EEE1C442ACA883B00F15234 /* Data.swift */,
				8EEFF0002AA3D24700809FEE /* Main.storyboard */,
				8EEE1C3B2AC53E9200F15234 /* ViewControllerEvFinal.swift */,
				8EEE1C392AC5144500F15234 /* ViewControllerEvInicialResultados.swift */,
				8EEE1C372AC3909E00F15234 /* ViewControllerPerfil.swift */,
				8EFD19092AC244D600241122 /* ViewControllerProgresoIndividual.swift */,
				8E471C382AC0B9FB00A6946D /* ViewControllerEvidenciasIndividual.swift */,
				8E471C362AC0B42D00A6946D /* ViewControllerEvidencias.swift */,
				8E471C342ABF8EB900A6946D /* ViewControllerModulosIndividual.swift */,
				8E655B552ABF73EE00CF8E66 /* ViewControllerModulos.swift */,
				8E655B512ABE77C300CF8E66 /* ViewControllerTableroActividades.swift */,
				8E304FAC2ABCD9F900BE0055 /* ViewControllerEvAct1.swift */,
				8E304FAA2ABCD90200BE0055 /* ViewControllerEv1Act1.swift */,
				8E304FA62ABBBF5B00BE0055 /* ViewControllerActividadUno.swift */,
				8EE69E5F2ABAC9EF007436B5 /* ViewControllerActividades.swift */,
				8EE69E5D2ABAC737007436B5 /* ViewControllerEvaluaciones.swift */,
				8EE69E5B2ABAC72D007436B5 /* ViewControllerTableroPrincipal.swift */,
				F34360302AA9459200487D75 /* BeginViewController.swift */,
				F34360462AB935E600487D75 /* LoginViewController.swift */,
				8EB0B7CA2AA557B9002E0849 /* ViewControllerTableroInicial.swift */,
				8EEFF0032AA3D24900809FEE /* Assets.xcassets */,
				8EEFF0052AA3D24900809FEE /* LaunchScreen.storyboard */,
				8EEFF0082AA3D24900809FEE /* Info.plist */,
			);
			path = SEL4C;
			sourceTree = "<group>";
		};
/* End PBXGroup section */

/* Begin PBXNativeTarget section */
		8EEFEFF62AA3D24700809FEE /* SEL4C */ = {
			isa = PBXNativeTarget;
			buildConfigurationList = 8EEFF00B2AA3D24900809FEE /* Build configuration list for PBXNativeTarget "SEL4C" */;
			buildPhases = (
				8EEFEFF32AA3D24700809FEE /* Sources */,
				8EEFEFF42AA3D24700809FEE /* Frameworks */,
				8EEFEFF52AA3D24700809FEE /* Resources */,
			);
			buildRules = (
			);
			dependencies = (
			);
			name = SEL4C;
			productName = SEL4C;
			productReference = 8EEFEFF72AA3D24700809FEE /* SEL4C.app */;
			productType = "com.apple.product-type.application";
		};
/* End PBXNativeTarget section */

/* Begin PBXProject section */
		8EEFEFEF2AA3D24700809FEE /* Project object */ = {
			isa = PBXProject;
			attributes = {
				BuildIndependentTargetsInParallel = 1;
				LastSwiftUpdateCheck = 1430;
				LastUpgradeCheck = 1430;
				TargetAttributes = {
					8EEFEFF62AA3D24700809FEE = {
						CreatedOnToolsVersion = 14.3.1;
					};
				};
			};
			buildConfigurationList = 8EEFEFF22AA3D24700809FEE /* Build configuration list for PBXProject "SEL4C" */;
			compatibilityVersion = "Xcode 14.0";
			developmentRegion = en;
			hasScannedForEncodings = 0;
			knownRegions = (
				en,
				Base,
			);
			mainGroup = 8EEFEFEE2AA3D24700809FEE;
			productRefGroup = 8EEFEFF82AA3D24700809FEE /* Products */;
			projectDirPath = "";
			projectRoot = "";
			targets = (
				8EEFEFF62AA3D24700809FEE /* SEL4C */,
			);
		};
/* End PBXProject section */

/* Begin PBXResourcesBuildPhase section */
		8EEFEFF52AA3D24700809FEE /* Resources */ = {
			isa = PBXResourcesBuildPhase;
			buildActionMask = 2147483647;
			files = (
				8EEFF0072AA3D24900809FEE /* LaunchScreen.storyboard in Resources */,
				8EEFF0042AA3D24900809FEE /* Assets.xcassets in Resources */,
				F34360412AA9501600487D75 /* Poppins-Regular.ttf in Resources */,
				F34360492AB93D1B00487D75 /* Poppins-Bold.ttf in Resources */,
				F34360452AB90AFC00487D75 /* Poppins-ExtraBold.ttf in Resources */,
				F34360432AA950E100487D75 /* Poppins-SemiBold.ttf in Resources */,
				8EEFF0022AA3D24700809FEE /* Main.storyboard in Resources */,
				F34360402AA9501600487D75 /* Poppins-Medium.ttf in Resources */,
			);
			runOnlyForDeploymentPostprocessing = 0;
		};
/* End PBXResourcesBuildPhase section */

/* Begin PBXSourcesBuildPhase section */
		8EEFEFF32AA3D24700809FEE /* Sources */ = {
			isa = PBXSourcesBuildPhase;
			buildActionMask = 2147483647;
			files = (
				8EE69E5C2ABAC72D007436B5 /* ViewControllerTableroPrincipal.swift in Sources */,
				F34B05352AC4ED9B001E741B /* WebViewerViewController.swift in Sources */,
				F343604D2ABA5E1600487D75 /* RegisterInputViewController.swift in Sources */,
				8EEFEFFF2AA3D24700809FEE /* ViewController.swift in Sources */,
				8E471C392AC0B9FB00A6946D /* ViewControllerEvidenciasIndividual.swift in Sources */,
				8EB0B7CB2AA557B9002E0849 /* ViewControllerTableroInicial.swift in Sources */,
				8E304FAD2ABCD9F900BE0055 /* ViewControllerEvAct1.swift in Sources */,
				8EFD190A2AC244D700241122 /* ViewControllerProgresoIndividual.swift in Sources */,
				8EEFEFFB2AA3D24700809FEE /* AppDelegate.swift in Sources */,
				8E655B522ABE77C300CF8E66 /* ViewControllerTableroActividades.swift in Sources */,
				8EE69E602ABAC9EF007436B5 /* ViewControllerActividades.swift in Sources */,
				F34360312AA9459200487D75 /* BeginViewController.swift in Sources */,
				F3E0A7942ABCF2DE004DB845 /* RegisterInput2ViewController.swift in Sources */,
				8E655B562ABF73EE00CF8E66 /* ViewControllerModulos.swift in Sources */,
				8EEE1C432ACA881C00F15234 /* SendImage.swift in Sources */,
				8E304FAB2ABCD90200BE0055 /* ViewControllerEv1Act1.swift in Sources */,
				8E304FA72ABBBF5B00BE0055 /* ViewControllerActividadUno.swift in Sources */,
				8EEE1C3A2AC5144500F15234 /* ViewControllerEvInicialResultados.swift in Sources */,
				8EEE1C412ACA599D00F15234 /* Modulos.swift in Sources */,
				8EEFEFFD2AA3D24700809FEE /* SceneDelegate.swift in Sources */,
				8EE69E5E2ABAC737007436B5 /* ViewControllerEvaluaciones.swift in Sources */,
				8EEE1C3C2AC53E9200F15234 /* ViewControllerEvFinal.swift in Sources */,
				F34360472AB935E600487D75 /* LoginViewController.swift in Sources */,
				8E471C372AC0B42D00A6946D /* ViewControllerEvidencias.swift in Sources */,
				8EEE1C3F2AC93D9000F15234 /* Actividades.swift in Sources */,
				8E471C352ABF8EB900A6946D /* ViewControllerModulosIndividual.swift in Sources */,
				8EEE1C452ACA883B00F15234 /* Data.swift in Sources */,
				8EEE1C382AC3909E00F15234 /* ViewControllerPerfil.swift in Sources */,
			);
			runOnlyForDeploymentPostprocessing = 0;
		};
/* End PBXSourcesBuildPhase section */

/* Begin PBXVariantGroup section */
		8EEFF0002AA3D24700809FEE /* Main.storyboard */ = {
			isa = PBXVariantGroup;
			children = (
				8EEFF0012AA3D24700809FEE /* Base */,
			);
			name = Main.storyboard;
			sourceTree = "<group>";
		};
		8EEFF0052AA3D24900809FEE /* LaunchScreen.storyboard */ = {
			isa = PBXVariantGroup;
			children = (
				8EEFF0062AA3D24900809FEE /* Base */,
			);
			name = LaunchScreen.storyboard;
			sourceTree = "<group>";
		};
/* End PBXVariantGroup section */

/* Begin XCBuildConfiguration section */
		8EEFF0092AA3D24900809FEE /* Debug */ = {
			isa = XCBuildConfiguration;
			buildSettings = {
				ALWAYS_SEARCH_USER_PATHS = NO;
				CLANG_ANALYZER_NONNULL = YES;
				CLANG_ANALYZER_NUMBER_OBJECT_CONVERSION = YES_AGGRESSIVE;
				CLANG_CXX_LANGUAGE_STANDARD = "gnu++20";
				CLANG_ENABLE_MODULES = YES;
				CLANG_ENABLE_OBJC_ARC = YES;
				CLANG_ENABLE_OBJC_WEAK = YES;
				CLANG_WARN_BLOCK_CAPTURE_AUTORELEASING = YES;
				CLANG_WARN_BOOL_CONVERSION = YES;
				CLANG_WARN_COMMA = YES;
				CLANG_WARN_CONSTANT_CONVERSION = YES;
				CLANG_WARN_DEPRECATED_OBJC_IMPLEMENTATIONS = YES;
				CLANG_WARN_DIRECT_OBJC_ISA_USAGE = YES_ERROR;
				CLANG_WARN_DOCUMENTATION_COMMENTS = YES;
				CLANG_WARN_EMPTY_BODY = YES;
				CLANG_WARN_ENUM_CONVERSION = YES;
				CLANG_WARN_INFINITE_RECURSION = YES;
				CLANG_WARN_INT_CONVERSION = YES;
				CLANG_WARN_NON_LITERAL_NULL_CONVERSION = YES;
				CLANG_WARN_OBJC_IMPLICIT_RETAIN_SELF = YES;
				CLANG_WARN_OBJC_LITERAL_CONVERSION = YES;
				CLANG_WARN_OBJC_ROOT_CLASS = YES_ERROR;
				CLANG_WARN_QUOTED_INCLUDE_IN_FRAMEWORK_HEADER = YES;
				CLANG_WARN_RANGE_LOOP_ANALYSIS = YES;
				CLANG_WARN_STRICT_PROTOTYPES = YES;
				CLANG_WARN_SUSPICIOUS_MOVE = YES;
				CLANG_WARN_UNGUARDED_AVAILABILITY = YES_AGGRESSIVE;
				CLANG_WARN_UNREACHABLE_CODE = YES;
				CLANG_WARN__DUPLICATE_METHOD_MATCH = YES;
				COPY_PHASE_STRIP = NO;
				DEBUG_INFORMATION_FORMAT = dwarf;
				ENABLE_STRICT_OBJC_MSGSEND = YES;
				ENABLE_TESTABILITY = YES;
				GCC_C_LANGUAGE_STANDARD = gnu11;
				GCC_DYNAMIC_NO_PIC = NO;
				GCC_NO_COMMON_BLOCKS = YES;
				GCC_OPTIMIZATION_LEVEL = 0;
				GCC_PREPROCESSOR_DEFINITIONS = (
					"DEBUG=1",
					"$(inherited)",
				);
				GCC_WARN_64_TO_32_BIT_CONVERSION = YES;
				GCC_WARN_ABOUT_RETURN_TYPE = YES_ERROR;
				GCC_WARN_UNDECLARED_SELECTOR = YES;
				GCC_WARN_UNINITIALIZED_AUTOS = YES_AGGRESSIVE;
				GCC_WARN_UNUSED_FUNCTION = YES;
				GCC_WARN_UNUSED_VARIABLE = YES;
				IPHONEOS_DEPLOYMENT_TARGET = 16.3;
				MTL_ENABLE_DEBUG_INFO = INCLUDE_SOURCE;
				MTL_FAST_MATH = YES;
				ONLY_ACTIVE_ARCH = YES;
				SDKROOT = iphoneos;
				SWIFT_ACTIVE_COMPILATION_CONDITIONS = DEBUG;
				SWIFT_OPTIMIZATION_LEVEL = "-Onone";
			};
			name = Debug;
		};
		8EEFF00A2AA3D24900809FEE /* Release */ = {
			isa = XCBuildConfiguration;
			buildSettings = {
				ALWAYS_SEARCH_USER_PATHS = NO;
				CLANG_ANALYZER_NONNULL = YES;
				CLANG_ANALYZER_NUMBER_OBJECT_CONVERSION = YES_AGGRESSIVE;
				CLANG_CXX_LANGUAGE_STANDARD = "gnu++20";
				CLANG_ENABLE_MODULES = YES;
				CLANG_ENABLE_OBJC_ARC = YES;
				CLANG_ENABLE_OBJC_WEAK = YES;
				CLANG_WARN_BLOCK_CAPTURE_AUTORELEASING = YES;
				CLANG_WARN_BOOL_CONVERSION = YES;
				CLANG_WARN_COMMA = YES;
				CLANG_WARN_CONSTANT_CONVERSION = YES;
				CLANG_WARN_DEPRECATED_OBJC_IMPLEMENTATIONS = YES;
				CLANG_WARN_DIRECT_OBJC_ISA_USAGE = YES_ERROR;
				CLANG_WARN_DOCUMENTATION_COMMENTS = YES;
				CLANG_WARN_EMPTY_BODY = YES;
				CLANG_WARN_ENUM_CONVERSION = YES;
				CLANG_WARN_INFINITE_RECURSION = YES;
				CLANG_WARN_INT_CONVERSION = YES;
				CLANG_WARN_NON_LITERAL_NULL_CONVERSION = YES;
				CLANG_WARN_OBJC_IMPLICIT_RETAIN_SELF = YES;
				CLANG_WARN_OBJC_LITERAL_CONVERSION = YES;
				CLANG_WARN_OBJC_ROOT_CLASS = YES_ERROR;
				CLANG_WARN_QUOTED_INCLUDE_IN_FRAMEWORK_HEADER = YES;
				CLANG_WARN_RANGE_LOOP_ANALYSIS = YES;
				CLANG_WARN_STRICT_PROTOTYPES = YES;
				CLANG_WARN_SUSPICIOUS_MOVE = YES;
				CLANG_WARN_UNGUARDED_AVAILABILITY = YES_AGGRESSIVE;
				CLANG_WARN_UNREACHABLE_CODE = YES;
				CLANG_WARN__DUPLICATE_METHOD_MATCH = YES;
				COPY_PHASE_STRIP = NO;
				DEBUG_INFORMATION_FORMAT = "dwarf-with-dsym";
				ENABLE_NS_ASSERTIONS = NO;
				ENABLE_STRICT_OBJC_MSGSEND = YES;
				GCC_C_LANGUAGE_STANDARD = gnu11;
				GCC_NO_COMMON_BLOCKS = YES;
				GCC_WARN_64_TO_32_BIT_CONVERSION = YES;
				GCC_WARN_ABOUT_RETURN_TYPE = YES_ERROR;
				GCC_WARN_UNDECLARED_SELECTOR = YES;
				GCC_WARN_UNINITIALIZED_AUTOS = YES_AGGRESSIVE;
				GCC_WARN_UNUSED_FUNCTION = YES;
				GCC_WARN_UNUSED_VARIABLE = YES;
				IPHONEOS_DEPLOYMENT_TARGET = 16.3;
				MTL_ENABLE_DEBUG_INFO = NO;
				MTL_FAST_MATH = YES;
				SDKROOT = iphoneos;
				SWIFT_COMPILATION_MODE = wholemodule;
				SWIFT_OPTIMIZATION_LEVEL = "-O";
				VALIDATE_PRODUCT = YES;
			};
			name = Release;
		};
		8EEFF00C2AA3D24900809FEE /* Debug */ = {
			isa = XCBuildConfiguration;
			buildSettings = {
				ASSETCATALOG_COMPILER_APPICON_NAME = AppIcon;
				ASSETCATALOG_COMPILER_GLOBAL_ACCENT_COLOR_NAME = AccentColor;
				CODE_SIGN_STYLE = Automatic;
				CURRENT_PROJECT_VERSION = 1;
				DEVELOPMENT_TEAM = 4XRBL7AZMG;
				GENERATE_INFOPLIST_FILE = YES;
				INFOPLIST_FILE = SEL4C/Info.plist;
				INFOPLIST_KEY_UIApplicationSupportsIndirectInputEvents = YES;
				INFOPLIST_KEY_UILaunchStoryboardName = LaunchScreen;
				INFOPLIST_KEY_UIMainStoryboardFile = Main;
				INFOPLIST_KEY_UISupportedInterfaceOrientations_iPad = "UIInterfaceOrientationPortrait UIInterfaceOrientationPortraitUpsideDown UIInterfaceOrientationLandscapeLeft UIInterfaceOrientationLandscapeRight";
				INFOPLIST_KEY_UISupportedInterfaceOrientations_iPhone = "UIInterfaceOrientationPortrait UIInterfaceOrientationLandscapeLeft UIInterfaceOrientationLandscapeRight";
				IPHONEOS_DEPLOYMENT_TARGET = 16.4;
				LD_RUNPATH_SEARCH_PATHS = (
					"$(inherited)",
					"@executable_path/Frameworks",
				);
				MARKETING_VERSION = 1.0;
				PRODUCT_BUNDLE_IDENTIFIER = mx.Equipo8.SEL4C;
				PRODUCT_NAME = "$(TARGET_NAME)";
				SWIFT_EMIT_LOC_STRINGS = YES;
				SWIFT_VERSION = 5.0;
				TARGETED_DEVICE_FAMILY = "1,2";
			};
			name = Debug;
		};
		8EEFF00D2AA3D24900809FEE /* Release */ = {
			isa = XCBuildConfiguration;
			buildSettings = {
				ASSETCATALOG_COMPILER_APPICON_NAME = AppIcon;
				ASSETCATALOG_COMPILER_GLOBAL_ACCENT_COLOR_NAME = AccentColor;
				CODE_SIGN_STYLE = Automatic;
				CURRENT_PROJECT_VERSION = 1;
				DEVELOPMENT_TEAM = 4XRBL7AZMG;
				GENERATE_INFOPLIST_FILE = YES;
				INFOPLIST_FILE = SEL4C/Info.plist;
				INFOPLIST_KEY_UIApplicationSupportsIndirectInputEvents = YES;
				INFOPLIST_KEY_UILaunchStoryboardName = LaunchScreen;
				INFOPLIST_KEY_UIMainStoryboardFile = Main;
				INFOPLIST_KEY_UISupportedInterfaceOrientations_iPad = "UIInterfaceOrientationPortrait UIInterfaceOrientationPortraitUpsideDown UIInterfaceOrientationLandscapeLeft UIInterfaceOrientationLandscapeRight";
				INFOPLIST_KEY_UISupportedInterfaceOrientations_iPhone = "UIInterfaceOrientationPortrait UIInterfaceOrientationLandscapeLeft UIInterfaceOrientationLandscapeRight";
				IPHONEOS_DEPLOYMENT_TARGET = 16.4;
				LD_RUNPATH_SEARCH_PATHS = (
					"$(inherited)",
					"@executable_path/Frameworks",
				);
				MARKETING_VERSION = 1.0;
				PRODUCT_BUNDLE_IDENTIFIER = mx.Equipo8.SEL4C;
				PRODUCT_NAME = "$(TARGET_NAME)";
				SWIFT_EMIT_LOC_STRINGS = YES;
				SWIFT_VERSION = 5.0;
				TARGETED_DEVICE_FAMILY = "1,2";
			};
			name = Release;
		};
/* End XCBuildConfiguration section */

/* Begin XCConfigurationList section */
		8EEFEFF22AA3D24700809FEE /* Build configuration list for PBXProject "SEL4C" */ = {
			isa = XCConfigurationList;
			buildConfigurations = (
				8EEFF0092AA3D24900809FEE /* Debug */,
				8EEFF00A2AA3D24900809FEE /* Release */,
			);
			defaultConfigurationIsVisible = 0;
			defaultConfigurationName = Release;
		};
		8EEFF00B2AA3D24900809FEE /* Build configuration list for PBXNativeTarget "SEL4C" */ = {
			isa = XCConfigurationList;
			buildConfigurations = (
				8EEFF00C2AA3D24900809FEE /* Debug */,
				8EEFF00D2AA3D24900809FEE /* Release */,
			);
			defaultConfigurationIsVisible = 0;
			defaultConfigurationName = Release;
		};
/* End XCConfigurationList section */
	};
	rootObject = 8EEFEFEF2AA3D24700809FEE /* Project object */;
}
